// !$*UTF8*$!
{
	archiveVersion = 1;
	classes = {
	};
	objectVersion = 50;
	objects = {

/* Begin PBXBuildFile section */
		126CBD73F51CF94ECEC99DFC /* libPods-PlayerViewUITests.a in Frameworks */ = {isa = PBXBuildFile; fileRef = 61220C3861F3F171D6432313 /* libPods-PlayerViewUITests.a */; };
		2FCEBEA0239E216B000FEDB6 /* movie.json in Resources */ = {isa = PBXBuildFile; fileRef = 2FCEBE9F239E216B000FEDB6 /* movie.json */; };
		2FCEBEA3239E21F5000FEDB6 /* RootTabBarViewController.swift in Sources */ = {isa = PBXBuildFile; fileRef = 2FCEBEA1239E21F5000FEDB6 /* RootTabBarViewController.swift */; };
		2FCEBEA4239E21F5000FEDB6 /* RootViewControllerInitial.swift in Sources */ = {isa = PBXBuildFile; fileRef = 2FCEBEA2239E21F5000FEDB6 /* RootViewControllerInitial.swift */; };
		2FCEBEAB239E2D72000FEDB6 /* HomeListCell.swift in Sources */ = {isa = PBXBuildFile; fileRef = 2FCEBEA9239E2D72000FEDB6 /* HomeListCell.swift */; };
		2FCEBEAC239E2D72000FEDB6 /* HomeListCell.xib in Resources */ = {isa = PBXBuildFile; fileRef = 2FCEBEAA239E2D72000FEDB6 /* HomeListCell.xib */; };
		2FE975A0239E61E800DF782D /* VideoDetailViewController.swift in Sources */ = {isa = PBXBuildFile; fileRef = 2FE9759E239E61E800DF782D /* VideoDetailViewController.swift */; };
		2FE975A1239E61E800DF782D /* VideoDetailViewController.xib in Resources */ = {isa = PBXBuildFile; fileRef = 2FE9759F239E61E800DF782D /* VideoDetailViewController.xib */; };
		52046AD923A0A023008B0B43 /* Localizable.strings in Resources */ = {isa = PBXBuildFile; fileRef = 52046ADB23A0A023008B0B43 /* Localizable.strings */; };
		52046ADD23A0B116008B0B43 /* IndicatorView.xib in Resources */ = {isa = PBXBuildFile; fileRef = 52046ADF23A0B116008B0B43 /* IndicatorView.xib */; };
		52046AE323A0DE63008B0B43 /* MemoryCache.swift in Sources */ = {isa = PBXBuildFile; fileRef = 52046AE223A0DE63008B0B43 /* MemoryCache.swift */; };
		520595822385938300BBEF77 /* IndicatorView.swift in Sources */ = {isa = PBXBuildFile; fileRef = 520595812385938300BBEF77 /* IndicatorView.swift */; };
		52138F4B23A792660064785D /* TransitionContext.swift in Sources */ = {isa = PBXBuildFile; fileRef = 52138F4623A792660064785D /* TransitionContext.swift */; };
		52138F4D23A792660064785D /* Transition.swift in Sources */ = {isa = PBXBuildFile; fileRef = 52138F4823A792660064785D /* Transition.swift */; };
		52138F5323A867140064785D /* TextCell.swift in Sources */ = {isa = PBXBuildFile; fileRef = 52138F5123A867140064785D /* TextCell.swift */; };
		52138F5423A867140064785D /* TextCell.xib in Resources */ = {isa = PBXBuildFile; fileRef = 52138F5223A867140064785D /* TextCell.xib */; };
		52138F5723A868290064785D /* WindowPlanViewController.swift in Sources */ = {isa = PBXBuildFile; fileRef = 52138F5523A868290064785D /* WindowPlanViewController.swift */; };
		52138F5823A868290064785D /* WindowPlanViewController.xib in Resources */ = {isa = PBXBuildFile; fileRef = 52138F5623A868290064785D /* WindowPlanViewController.xib */; };
		52138F5B23A8683B0064785D /* PresentPlanViewController.swift in Sources */ = {isa = PBXBuildFile; fileRef = 52138F5923A8683B0064785D /* PresentPlanViewController.swift */; };
		52138F5C23A8683B0064785D /* PresentPlanViewController.xib in Resources */ = {isa = PBXBuildFile; fileRef = 52138F5A23A8683B0064785D /* PresentPlanViewController.xib */; };
		52138F5E23A869800064785D /* MovieDataSource.swift in Sources */ = {isa = PBXBuildFile; fileRef = 52138F5D23A869800064785D /* MovieDataSource.swift */; };
		524AC45123AD2FE5006A412E /* PlayerConfiguration.swift in Sources */ = {isa = PBXBuildFile; fileRef = 524AC45023AD2FE5006A412E /* PlayerConfiguration.swift */; };
		524AC46323B60233006A412E /* CALayer + Animation.swift in Sources */ = {isa = PBXBuildFile; fileRef = 524AC46223B60233006A412E /* CALayer + Animation.swift */; };
		526C9F0623A1CE4F007F10A3 /* MotionManager.swift in Sources */ = {isa = PBXBuildFile; fileRef = 526C9F0523A1CE4F007F10A3 /* MotionManager.swift */; };
		52978E4723AF9B270043846B /* InfiniteIndicator.swift in Sources */ = {isa = PBXBuildFile; fileRef = 52978E4623AF9B270043846B /* InfiniteIndicator.swift */; };
		52978E4B23AFB2920043846B /* CustomViewController.swift in Sources */ = {isa = PBXBuildFile; fileRef = 52978E4923AFB2920043846B /* CustomViewController.swift */; };
		52978E4C23AFB2920043846B /* CustomViewController.xib in Resources */ = {isa = PBXBuildFile; fileRef = 52978E4A23AFB2920043846B /* CustomViewController.xib */; };
		529E2D18239226BB0026055D /* Subscriber.swift in Sources */ = {isa = PBXBuildFile; fileRef = 529E2D17239226BB0026055D /* Subscriber.swift */; };
		529E2D1A239229E50026055D /* Publisher.swift in Sources */ = {isa = PBXBuildFile; fileRef = 529E2D19239229E50026055D /* Publisher.swift */; };
		52A797272386A4CB0043EB99 /* PlayerViewController.swift in Sources */ = {isa = PBXBuildFile; fileRef = 52A797252386A4CB0043EB99 /* PlayerViewController.swift */; };
		52A797282386A4CB0043EB99 /* PlayerViewController.xib in Resources */ = {isa = PBXBuildFile; fileRef = 52A797262386A4CB0043EB99 /* PlayerViewController.xib */; };
		52A7972D2386A7BA0043EB99 /* Animator.swift in Sources */ = {isa = PBXBuildFile; fileRef = 52A7972C2386A7BA0043EB99 /* Animator.swift */; };
		52A7973C238E15B90043EB99 /* IndicatorLoading.swift in Sources */ = {isa = PBXBuildFile; fileRef = 52A7973B238E15B90043EB99 /* IndicatorLoading.swift */; };
		52B3571D23AA0EC700CE98EA /* UIView + LayerAnimation.swift in Sources */ = {isa = PBXBuildFile; fileRef = 52B3571C23AA0EC700CE98EA /* UIView + LayerAnimation.swift */; };
		52B3571F23AA206400CE98EA /* Error + NSError.swift in Sources */ = {isa = PBXBuildFile; fileRef = 52B3571E23AA206400CE98EA /* Error + NSError.swift */; };
		52C5DAAA23B78E9C00D4D9D6 /* InteractivePlayerViewController.swift in Sources */ = {isa = PBXBuildFile; fileRef = 52C5DAA823B78E9C00D4D9D6 /* InteractivePlayerViewController.swift */; };
		52C5DAAB23B78E9C00D4D9D6 /* InteractivePlayerViewController.xib in Resources */ = {isa = PBXBuildFile; fileRef = 52C5DAA923B78E9C00D4D9D6 /* InteractivePlayerViewController.xib */; };
		52C5DAB223B8647200D4D9D6 /* CollectionViewController.swift in Sources */ = {isa = PBXBuildFile; fileRef = 52C5DAB023B8647200D4D9D6 /* CollectionViewController.swift */; };
		52C5DAB323B8647200D4D9D6 /* CollectionViewController.xib in Resources */ = {isa = PBXBuildFile; fileRef = 52C5DAB123B8647200D4D9D6 /* CollectionViewController.xib */; };
		52C5DAB623B8657000D4D9D6 /* WaterFallCell.swift in Sources */ = {isa = PBXBuildFile; fileRef = 52C5DAB423B8657000D4D9D6 /* WaterFallCell.swift */; };
		52C5DAB723B8657000D4D9D6 /* WaterFallCell.xib in Resources */ = {isa = PBXBuildFile; fileRef = 52C5DAB523B8657000D4D9D6 /* WaterFallCell.xib */; };
		52C5DAB923B867E600D4D9D6 /* WaterFallLayout.swift in Sources */ = {isa = PBXBuildFile; fileRef = 52C5DAB823B867E600D4D9D6 /* WaterFallLayout.swift */; };
		52D7421C239412F90068C08D /* PlayerState.swift in Sources */ = {isa = PBXBuildFile; fileRef = 52D7421B239412F90068C08D /* PlayerState.swift */; };
		52D7421E239550E70068C08D /* EventBus.swift in Sources */ = {isa = PBXBuildFile; fileRef = 52D7421D239550E70068C08D /* EventBus.swift */; };
		52F8967C2385123D00D87D9E /* AppDelegate.swift in Sources */ = {isa = PBXBuildFile; fileRef = 52F8967B2385123D00D87D9E /* AppDelegate.swift */; };
		52F896802385123D00D87D9E /* ViewController.swift in Sources */ = {isa = PBXBuildFile; fileRef = 52F8967F2385123D00D87D9E /* ViewController.swift */; };
		52F896832385123D00D87D9E /* Main.storyboard in Resources */ = {isa = PBXBuildFile; fileRef = 52F896812385123D00D87D9E /* Main.storyboard */; };
		52F896852385124000D87D9E /* Assets.xcassets in Resources */ = {isa = PBXBuildFile; fileRef = 52F896842385124000D87D9E /* Assets.xcassets */; };
		52F896882385124000D87D9E /* LaunchScreen.storyboard in Resources */ = {isa = PBXBuildFile; fileRef = 52F896862385124000D87D9E /* LaunchScreen.storyboard */; };
		52F896932385124000D87D9E /* PlayerViewUITests.swift in Sources */ = {isa = PBXBuildFile; fileRef = 52F896922385124000D87D9E /* PlayerViewUITests.swift */; };
		52F8969F2385136D00D87D9E /* PlayerView.swift in Sources */ = {isa = PBXBuildFile; fileRef = 52F8969E2385136D00D87D9E /* PlayerView.swift */; };
		52F896A52385151300D87D9E /* UIView + Constraints.swift in Sources */ = {isa = PBXBuildFile; fileRef = 52F896A42385151300D87D9E /* UIView + Constraints.swift */; };
		52F896A92385155200D87D9E /* UIView + XIB.swift in Sources */ = {isa = PBXBuildFile; fileRef = 52F896A82385155200D87D9E /* UIView + XIB.swift */; };
		52F896AB23852B3A00D87D9E /* ItemObserver.swift in Sources */ = {isa = PBXBuildFile; fileRef = 52F896AA23852B3A00D87D9E /* ItemObserver.swift */; };
		52F896AD2385403F00D87D9E /* PlayerLayerView.swift in Sources */ = {isa = PBXBuildFile; fileRef = 52F896AC2385403F00D87D9E /* PlayerLayerView.swift */; };
		52F896B22386273100D87D9E /* Reachability.swift in Sources */ = {isa = PBXBuildFile; fileRef = 52F896B12386273100D87D9E /* Reachability.swift */; };
		52F896B623866B5A00D87D9E /* ControlsView.swift in Sources */ = {isa = PBXBuildFile; fileRef = 52F896B523866B5A00D87D9E /* ControlsView.swift */; };
		52F896B823866B8100D87D9E /* ControlsView.xib in Resources */ = {isa = PBXBuildFile; fileRef = 52F896B723866B8100D87D9E /* ControlsView.xib */; };
		E68FFDFDEC14B9C69AC3F942 /* libPods-PlayerView.a in Frameworks */ = {isa = PBXBuildFile; fileRef = 640F8EDAA02E626BF8C7F65F /* libPods-PlayerView.a */; };
/* End PBXBuildFile section */

/* Begin PBXContainerItemProxy section */
		52F8968F2385124000D87D9E /* PBXContainerItemProxy */ = {
			isa = PBXContainerItemProxy;
			containerPortal = 52F896702385123D00D87D9E /* Project object */;
			proxyType = 1;
			remoteGlobalIDString = 52F896772385123D00D87D9E;
			remoteInfo = PlayerView;
		};
/* End PBXContainerItemProxy section */

/* Begin PBXFileReference section */
		2FCEBE9F239E216B000FEDB6 /* movie.json */ = {isa = PBXFileReference; fileEncoding = 4; lastKnownFileType = text.json; path = movie.json; sourceTree = "<group>"; };
		2FCEBEA1239E21F5000FEDB6 /* RootTabBarViewController.swift */ = {isa = PBXFileReference; fileEncoding = 4; lastKnownFileType = sourcecode.swift; path = RootTabBarViewController.swift; sourceTree = "<group>"; };
		2FCEBEA2239E21F5000FEDB6 /* RootViewControllerInitial.swift */ = {isa = PBXFileReference; fileEncoding = 4; lastKnownFileType = sourcecode.swift; path = RootViewControllerInitial.swift; sourceTree = "<group>"; };
		2FCEBEA9239E2D72000FEDB6 /* HomeListCell.swift */ = {isa = PBXFileReference; lastKnownFileType = sourcecode.swift; path = HomeListCell.swift; sourceTree = "<group>"; };
		2FCEBEAA239E2D72000FEDB6 /* HomeListCell.xib */ = {isa = PBXFileReference; lastKnownFileType = file.xib; path = HomeListCell.xib; sourceTree = "<group>"; };
		2FE9759E239E61E800DF782D /* VideoDetailViewController.swift */ = {isa = PBXFileReference; lastKnownFileType = sourcecode.swift; path = VideoDetailViewController.swift; sourceTree = "<group>"; };
		2FE9759F239E61E800DF782D /* VideoDetailViewController.xib */ = {isa = PBXFileReference; lastKnownFileType = file.xib; path = VideoDetailViewController.xib; sourceTree = "<group>"; };
		3971F510E861A880C845727C /* Pods-PlayerView.debug.xcconfig */ = {isa = PBXFileReference; includeInIndex = 1; lastKnownFileType = text.xcconfig; name = "Pods-PlayerView.debug.xcconfig"; path = "Target Support Files/Pods-PlayerView/Pods-PlayerView.debug.xcconfig"; sourceTree = "<group>"; };
		4587459A44D3AAD8D083C900 /* Pods-PlayerView.release.xcconfig */ = {isa = PBXFileReference; includeInIndex = 1; lastKnownFileType = text.xcconfig; name = "Pods-PlayerView.release.xcconfig"; path = "Target Support Files/Pods-PlayerView/Pods-PlayerView.release.xcconfig"; sourceTree = "<group>"; };
		52046AD523A09F6D008B0B43 /* zh-Hans */ = {isa = PBXFileReference; lastKnownFileType = text.plist.strings; name = "zh-Hans"; path = "zh-Hans.lproj/Main.strings"; sourceTree = "<group>"; };
		52046AD623A09F6D008B0B43 /* zh-Hans */ = {isa = PBXFileReference; lastKnownFileType = text.plist.strings; name = "zh-Hans"; path = "zh-Hans.lproj/LaunchScreen.strings"; sourceTree = "<group>"; };
		52046ADA23A0A023008B0B43 /* en */ = {isa = PBXFileReference; lastKnownFileType = text.plist.strings; name = en; path = en.lproj/Localizable.strings; sourceTree = "<group>"; };
		52046ADC23A0A027008B0B43 /* zh-Hans */ = {isa = PBXFileReference; lastKnownFileType = text.plist.strings; name = "zh-Hans"; path = "zh-Hans.lproj/Localizable.strings"; sourceTree = "<group>"; };
		52046ADE23A0B116008B0B43 /* Base */ = {isa = PBXFileReference; lastKnownFileType = file.xib; name = Base; path = Base.lproj/IndicatorView.xib; sourceTree = "<group>"; };
		52046AE023A0B11F008B0B43 /* en */ = {isa = PBXFileReference; lastKnownFileType = text.plist.strings; name = en; path = en.lproj/IndicatorView.strings; sourceTree = "<group>"; };
		52046AE123A0B121008B0B43 /* zh-Hans */ = {isa = PBXFileReference; lastKnownFileType = text.plist.strings; name = "zh-Hans"; path = "zh-Hans.lproj/IndicatorView.strings"; sourceTree = "<group>"; };
		52046AE223A0DE63008B0B43 /* MemoryCache.swift */ = {isa = PBXFileReference; lastKnownFileType = sourcecode.swift; path = MemoryCache.swift; sourceTree = "<group>"; };
		520595812385938300BBEF77 /* IndicatorView.swift */ = {isa = PBXFileReference; lastKnownFileType = sourcecode.swift; path = IndicatorView.swift; sourceTree = "<group>"; };
		52138F4623A792660064785D /* TransitionContext.swift */ = {isa = PBXFileReference; fileEncoding = 4; lastKnownFileType = sourcecode.swift; path = TransitionContext.swift; sourceTree = "<group>"; };
		52138F4823A792660064785D /* Transition.swift */ = {isa = PBXFileReference; fileEncoding = 4; lastKnownFileType = sourcecode.swift; path = Transition.swift; sourceTree = "<group>"; };
		52138F5123A867140064785D /* TextCell.swift */ = {isa = PBXFileReference; lastKnownFileType = sourcecode.swift; path = TextCell.swift; sourceTree = "<group>"; };
		52138F5223A867140064785D /* TextCell.xib */ = {isa = PBXFileReference; lastKnownFileType = file.xib; path = TextCell.xib; sourceTree = "<group>"; };
		52138F5523A868290064785D /* WindowPlanViewController.swift */ = {isa = PBXFileReference; lastKnownFileType = sourcecode.swift; path = WindowPlanViewController.swift; sourceTree = "<group>"; };
		52138F5623A868290064785D /* WindowPlanViewController.xib */ = {isa = PBXFileReference; lastKnownFileType = file.xib; path = WindowPlanViewController.xib; sourceTree = "<group>"; };
		52138F5923A8683B0064785D /* PresentPlanViewController.swift */ = {isa = PBXFileReference; lastKnownFileType = sourcecode.swift; path = PresentPlanViewController.swift; sourceTree = "<group>"; };
		52138F5A23A8683B0064785D /* PresentPlanViewController.xib */ = {isa = PBXFileReference; lastKnownFileType = file.xib; path = PresentPlanViewController.xib; sourceTree = "<group>"; };
		52138F5D23A869800064785D /* MovieDataSource.swift */ = {isa = PBXFileReference; lastKnownFileType = sourcecode.swift; path = MovieDataSource.swift; sourceTree = "<group>"; };
		524AC45023AD2FE5006A412E /* PlayerConfiguration.swift */ = {isa = PBXFileReference; lastKnownFileType = sourcecode.swift; path = PlayerConfiguration.swift; sourceTree = "<group>"; };
		524AC46223B60233006A412E /* CALayer + Animation.swift */ = {isa = PBXFileReference; lastKnownFileType = sourcecode.swift; path = "CALayer + Animation.swift"; sourceTree = "<group>"; };
		526C9F0523A1CE4F007F10A3 /* MotionManager.swift */ = {isa = PBXFileReference; lastKnownFileType = sourcecode.swift; path = MotionManager.swift; sourceTree = "<group>"; };
		52978E4623AF9B270043846B /* InfiniteIndicator.swift */ = {isa = PBXFileReference; lastKnownFileType = sourcecode.swift; path = InfiniteIndicator.swift; sourceTree = "<group>"; };
		52978E4923AFB2920043846B /* CustomViewController.swift */ = {isa = PBXFileReference; lastKnownFileType = sourcecode.swift; path = CustomViewController.swift; sourceTree = "<group>"; };
		52978E4A23AFB2920043846B /* CustomViewController.xib */ = {isa = PBXFileReference; lastKnownFileType = file.xib; path = CustomViewController.xib; sourceTree = "<group>"; };
		529E2D17239226BB0026055D /* Subscriber.swift */ = {isa = PBXFileReference; lastKnownFileType = sourcecode.swift; path = Subscriber.swift; sourceTree = "<group>"; };
		529E2D19239229E50026055D /* Publisher.swift */ = {isa = PBXFileReference; lastKnownFileType = sourcecode.swift; path = Publisher.swift; sourceTree = "<group>"; };
		52A797252386A4CB0043EB99 /* PlayerViewController.swift */ = {isa = PBXFileReference; lastKnownFileType = sourcecode.swift; path = PlayerViewController.swift; sourceTree = "<group>"; };
		52A797262386A4CB0043EB99 /* PlayerViewController.xib */ = {isa = PBXFileReference; lastKnownFileType = file.xib; path = PlayerViewController.xib; sourceTree = "<group>"; };
		52A7972C2386A7BA0043EB99 /* Animator.swift */ = {isa = PBXFileReference; lastKnownFileType = sourcecode.swift; path = Animator.swift; sourceTree = "<group>"; };
		52A7973B238E15B90043EB99 /* IndicatorLoading.swift */ = {isa = PBXFileReference; lastKnownFileType = sourcecode.swift; path = IndicatorLoading.swift; sourceTree = "<group>"; };
		52B3571C23AA0EC700CE98EA /* UIView + LayerAnimation.swift */ = {isa = PBXFileReference; lastKnownFileType = sourcecode.swift; path = "UIView + LayerAnimation.swift"; sourceTree = "<group>"; };
		52B3571E23AA206400CE98EA /* Error + NSError.swift */ = {isa = PBXFileReference; lastKnownFileType = sourcecode.swift; path = "Error + NSError.swift"; sourceTree = "<group>"; };
		52C5DAA823B78E9C00D4D9D6 /* InteractivePlayerViewController.swift */ = {isa = PBXFileReference; lastKnownFileType = sourcecode.swift; path = InteractivePlayerViewController.swift; sourceTree = "<group>"; };
		52C5DAA923B78E9C00D4D9D6 /* InteractivePlayerViewController.xib */ = {isa = PBXFileReference; lastKnownFileType = file.xib; path = InteractivePlayerViewController.xib; sourceTree = "<group>"; };
		52C5DAB023B8647200D4D9D6 /* CollectionViewController.swift */ = {isa = PBXFileReference; lastKnownFileType = sourcecode.swift; path = CollectionViewController.swift; sourceTree = "<group>"; };
		52C5DAB123B8647200D4D9D6 /* CollectionViewController.xib */ = {isa = PBXFileReference; lastKnownFileType = file.xib; path = CollectionViewController.xib; sourceTree = "<group>"; };
		52C5DAB423B8657000D4D9D6 /* WaterFallCell.swift */ = {isa = PBXFileReference; lastKnownFileType = sourcecode.swift; path = WaterFallCell.swift; sourceTree = "<group>"; };
		52C5DAB523B8657000D4D9D6 /* WaterFallCell.xib */ = {isa = PBXFileReference; lastKnownFileType = file.xib; path = WaterFallCell.xib; sourceTree = "<group>"; };
		52C5DAB823B867E600D4D9D6 /* WaterFallLayout.swift */ = {isa = PBXFileReference; lastKnownFileType = sourcecode.swift; path = WaterFallLayout.swift; sourceTree = "<group>"; };
		52D7421B239412F90068C08D /* PlayerState.swift */ = {isa = PBXFileReference; lastKnownFileType = sourcecode.swift; path = PlayerState.swift; sourceTree = "<group>"; };
		52D7421D239550E70068C08D /* EventBus.swift */ = {isa = PBXFileReference; lastKnownFileType = sourcecode.swift; path = EventBus.swift; sourceTree = "<group>"; };
		52F896782385123D00D87D9E /* PlayerView.app */ = {isa = PBXFileReference; explicitFileType = wrapper.application; includeInIndex = 0; path = PlayerView.app; sourceTree = BUILT_PRODUCTS_DIR; };
		52F8967B2385123D00D87D9E /* AppDelegate.swift */ = {isa = PBXFileReference; lastKnownFileType = sourcecode.swift; path = AppDelegate.swift; sourceTree = "<group>"; };
		52F8967F2385123D00D87D9E /* ViewController.swift */ = {isa = PBXFileReference; lastKnownFileType = sourcecode.swift; path = ViewController.swift; sourceTree = "<group>"; };
		52F896822385123D00D87D9E /* Base */ = {isa = PBXFileReference; lastKnownFileType = file.storyboard; name = Base; path = Base.lproj/Main.storyboard; sourceTree = "<group>"; };
		52F896842385124000D87D9E /* Assets.xcassets */ = {isa = PBXFileReference; lastKnownFileType = folder.assetcatalog; path = Assets.xcassets; sourceTree = "<group>"; };
		52F896872385124000D87D9E /* Base */ = {isa = PBXFileReference; lastKnownFileType = file.storyboard; name = Base; path = Base.lproj/LaunchScreen.storyboard; sourceTree = "<group>"; };
		52F896892385124000D87D9E /* Info.plist */ = {isa = PBXFileReference; lastKnownFileType = text.plist.xml; path = Info.plist; sourceTree = "<group>"; };
		52F8968E2385124000D87D9E /* PlayerViewUITests.xctest */ = {isa = PBXFileReference; explicitFileType = wrapper.cfbundle; includeInIndex = 0; path = PlayerViewUITests.xctest; sourceTree = BUILT_PRODUCTS_DIR; };
		52F896922385124000D87D9E /* PlayerViewUITests.swift */ = {isa = PBXFileReference; lastKnownFileType = sourcecode.swift; path = PlayerViewUITests.swift; sourceTree = "<group>"; };
		52F896942385124000D87D9E /* Info.plist */ = {isa = PBXFileReference; lastKnownFileType = text.plist.xml; path = Info.plist; sourceTree = "<group>"; };
		52F8969E2385136D00D87D9E /* PlayerView.swift */ = {isa = PBXFileReference; lastKnownFileType = sourcecode.swift; path = PlayerView.swift; sourceTree = "<group>"; };
		52F896A42385151300D87D9E /* UIView + Constraints.swift */ = {isa = PBXFileReference; lastKnownFileType = sourcecode.swift; path = "UIView + Constraints.swift"; sourceTree = "<group>"; };
		52F896A82385155200D87D9E /* UIView + XIB.swift */ = {isa = PBXFileReference; lastKnownFileType = sourcecode.swift; path = "UIView + XIB.swift"; sourceTree = "<group>"; };
		52F896AA23852B3A00D87D9E /* ItemObserver.swift */ = {isa = PBXFileReference; lastKnownFileType = sourcecode.swift; path = ItemObserver.swift; sourceTree = "<group>"; };
		52F896AC2385403F00D87D9E /* PlayerLayerView.swift */ = {isa = PBXFileReference; lastKnownFileType = sourcecode.swift; path = PlayerLayerView.swift; sourceTree = "<group>"; };
		52F896B12386273100D87D9E /* Reachability.swift */ = {isa = PBXFileReference; lastKnownFileType = sourcecode.swift; path = Reachability.swift; sourceTree = "<group>"; };
		52F896B523866B5A00D87D9E /* ControlsView.swift */ = {isa = PBXFileReference; lastKnownFileType = sourcecode.swift; path = ControlsView.swift; sourceTree = "<group>"; };
		52F896B723866B8100D87D9E /* ControlsView.xib */ = {isa = PBXFileReference; lastKnownFileType = file.xib; path = ControlsView.xib; sourceTree = "<group>"; };
		6079C1F4CA9E581CF74FFBE6 /* Pods-PlayerViewUITests.release.xcconfig */ = {isa = PBXFileReference; includeInIndex = 1; lastKnownFileType = text.xcconfig; name = "Pods-PlayerViewUITests.release.xcconfig"; path = "Target Support Files/Pods-PlayerViewUITests/Pods-PlayerViewUITests.release.xcconfig"; sourceTree = "<group>"; };
		61220C3861F3F171D6432313 /* libPods-PlayerViewUITests.a */ = {isa = PBXFileReference; explicitFileType = archive.ar; includeInIndex = 0; path = "libPods-PlayerViewUITests.a"; sourceTree = BUILT_PRODUCTS_DIR; };
		640F8EDAA02E626BF8C7F65F /* libPods-PlayerView.a */ = {isa = PBXFileReference; explicitFileType = archive.ar; includeInIndex = 0; path = "libPods-PlayerView.a"; sourceTree = BUILT_PRODUCTS_DIR; };
		82D445F28ACA80DE0BB9EBB4 /* Pods-PlayerViewUITests.debug.xcconfig */ = {isa = PBXFileReference; includeInIndex = 1; lastKnownFileType = text.xcconfig; name = "Pods-PlayerViewUITests.debug.xcconfig"; path = "Target Support Files/Pods-PlayerViewUITests/Pods-PlayerViewUITests.debug.xcconfig"; sourceTree = "<group>"; };
/* End PBXFileReference section */

/* Begin PBXFrameworksBuildPhase section */
		52F896752385123D00D87D9E /* Frameworks */ = {
			isa = PBXFrameworksBuildPhase;
			buildActionMask = 2147483647;
			files = (
				E68FFDFDEC14B9C69AC3F942 /* libPods-PlayerView.a in Frameworks */,
			);
			runOnlyForDeploymentPostprocessing = 0;
		};
		52F8968B2385124000D87D9E /* Frameworks */ = {
			isa = PBXFrameworksBuildPhase;
			buildActionMask = 2147483647;
			files = (
				126CBD73F51CF94ECEC99DFC /* libPods-PlayerViewUITests.a in Frameworks */,
			);
			runOnlyForDeploymentPostprocessing = 0;
		};
/* End PBXFrameworksBuildPhase section */

/* Begin PBXGroup section */
		241871AB6CACA9631C332230 /* Frameworks */ = {
			isa = PBXGroup;
			children = (
				640F8EDAA02E626BF8C7F65F /* libPods-PlayerView.a */,
				61220C3861F3F171D6432313 /* libPods-PlayerViewUITests.a */,
			);
			name = Frameworks;
			sourceTree = "<group>";
		};
		52046AE423A0E9C2008B0B43 /* Cache */ = {
			isa = PBXGroup;
			children = (
				52046AE223A0DE63008B0B43 /* MemoryCache.swift */,
			);
			path = Cache;
			sourceTree = "<group>";
		};
		520595802385937000BBEF77 /* Indicator */ = {
			isa = PBXGroup;
			children = (
				520595812385938300BBEF77 /* IndicatorView.swift */,
				52046ADF23A0B116008B0B43 /* IndicatorView.xib */,
			);
			path = Indicator;
			sourceTree = "<group>";
		};
		52138F5F23A871320064785D /* Window */ = {
			isa = PBXGroup;
			children = (
				52138F5523A868290064785D /* WindowPlanViewController.swift */,
				52138F5623A868290064785D /* WindowPlanViewController.xib */,
			);
			path = Window;
			sourceTree = "<group>";
		};
		52138F6023A871400064785D /* Present */ = {
			isa = PBXGroup;
			children = (
				52138F5923A8683B0064785D /* PresentPlanViewController.swift */,
				52138F5A23A8683B0064785D /* PresentPlanViewController.xib */,
			);
			path = Present;
			sourceTree = "<group>";
		};
		52138F6123A871690064785D /* View */ = {
			isa = PBXGroup;
			children = (
				2FCEBEA9239E2D72000FEDB6 /* HomeListCell.swift */,
				2FCEBEAA239E2D72000FEDB6 /* HomeListCell.xib */,
				52138F5123A867140064785D /* TextCell.swift */,
				52138F5223A867140064785D /* TextCell.xib */,
			);
			path = View;
			sourceTree = "<group>";
		};
		52138F6223A8719F0064785D /* Detail */ = {
			isa = PBXGroup;
			children = (
				2FE9759E239E61E800DF782D /* VideoDetailViewController.swift */,
				2FE9759F239E61E800DF782D /* VideoDetailViewController.xib */,
			);
			path = Detail;
			sourceTree = "<group>";
		};
		523DAFE423B7666600D8186B /* Confugutation */ = {
			isa = PBXGroup;
			children = (
				524AC45023AD2FE5006A412E /* PlayerConfiguration.swift */,
			);
			path = Confugutation;
			sourceTree = "<group>";
		};
		523DAFE523B7668100D8186B /* State */ = {
			isa = PBXGroup;
			children = (
				52D7421B239412F90068C08D /* PlayerState.swift */,
			);
			path = State;
			sourceTree = "<group>";
		};
		526C9F0423A1CE2C007F10A3 /* Motion */ = {
			isa = PBXGroup;
			children = (
				526C9F0523A1CE4F007F10A3 /* MotionManager.swift */,
			);
			path = Motion;
			sourceTree = "<group>";
		};
		5286A21E239797120028D898 /* PubSub */ = {
			isa = PBXGroup;
			children = (
				529E2D17239226BB0026055D /* Subscriber.swift */,
				529E2D19239229E50026055D /* Publisher.swift */,
				52D7421D239550E70068C08D /* EventBus.swift */,
			);
			path = PubSub;
			sourceTree = "<group>";
		};
		52978E4823AFB2780043846B /* Custom */ = {
			isa = PBXGroup;
			children = (
				52C5DAB023B8647200D4D9D6 /* CollectionViewController.swift */,
				52C5DAB123B8647200D4D9D6 /* CollectionViewController.xib */,
				52C5DAB823B867E600D4D9D6 /* WaterFallLayout.swift */,
				52C5DAB423B8657000D4D9D6 /* WaterFallCell.swift */,
				52C5DAB523B8657000D4D9D6 /* WaterFallCell.xib */,
			);
			path = Custom;
			sourceTree = "<group>";
		};
		52A797292386A7340043EB99 /* Animation */ = {
			isa = PBXGroup;
			children = (
				52A7972C2386A7BA0043EB99 /* Animator.swift */,
				52138F4623A792660064785D /* TransitionContext.swift */,
				52138F4823A792660064785D /* Transition.swift */,
			);
			path = Animation;
			sourceTree = "<group>";
		};
		52B74E7223A10058002CCAEE /* Loading */ = {
			isa = PBXGroup;
			children = (
				52A7973B238E15B90043EB99 /* IndicatorLoading.swift */,
				52978E4623AF9B270043846B /* InfiniteIndicator.swift */,
			);
			path = Loading;
			sourceTree = "<group>";
		};
		52B74E7323A100DE002CCAEE /* Controller */ = {
			isa = PBXGroup;
			children = (
				52A797252386A4CB0043EB99 /* PlayerViewController.swift */,
				52A797262386A4CB0043EB99 /* PlayerViewController.xib */,
				52C5DAA823B78E9C00D4D9D6 /* InteractivePlayerViewController.swift */,
				52C5DAA923B78E9C00D4D9D6 /* InteractivePlayerViewController.xib */,
			);
			path = Controller;
			sourceTree = "<group>";
		};
		52F8966F2385123D00D87D9E = {
			isa = PBXGroup;
			children = (
				52F8967A2385123D00D87D9E /* PlayerView */,
				52F896912385124000D87D9E /* PlayerViewUITests */,
				52F896792385123D00D87D9E /* Products */,
				D5F8228ECD9DBF2955D368F6 /* Pods */,
				241871AB6CACA9631C332230 /* Frameworks */,
			);
			sourceTree = "<group>";
		};
		52F896792385123D00D87D9E /* Products */ = {
			isa = PBXGroup;
			children = (
				52F896782385123D00D87D9E /* PlayerView.app */,
				52F8968E2385124000D87D9E /* PlayerViewUITests.xctest */,
			);
			name = Products;
			sourceTree = "<group>";
		};
		52F8967A2385123D00D87D9E /* PlayerView */ = {
			isa = PBXGroup;
			children = (
				52F8967B2385123D00D87D9E /* AppDelegate.swift */,
				2FCEBEA1239E21F5000FEDB6 /* RootTabBarViewController.swift */,
				2FCEBEA2239E21F5000FEDB6 /* RootViewControllerInitial.swift */,
				52138F5D23A869800064785D /* MovieDataSource.swift */,
				52978E4923AFB2920043846B /* CustomViewController.swift */,
				52978E4A23AFB2920043846B /* CustomViewController.xib */,
				52978E4823AFB2780043846B /* Custom */,
				52138F6223A8719F0064785D /* Detail */,
				52138F6123A871690064785D /* View */,
				52138F6023A871400064785D /* Present */,
				52138F5F23A871320064785D /* Window */,
				52F8967F2385123D00D87D9E /* ViewController.swift */,
				520595802385937000BBEF77 /* Indicator */,
				2FCEBE9F239E216B000FEDB6 /* movie.json */,
				52F8969D2385125D00D87D9E /* PlayerView */,
				52F896812385123D00D87D9E /* Main.storyboard */,
				52F896842385124000D87D9E /* Assets.xcassets */,
				52F896862385124000D87D9E /* LaunchScreen.storyboard */,
				52F896892385124000D87D9E /* Info.plist */,
			);
			path = PlayerView;
			sourceTree = "<group>";
		};
		52F896912385124000D87D9E /* PlayerViewUITests */ = {
			isa = PBXGroup;
			children = (
				52F896922385124000D87D9E /* PlayerViewUITests.swift */,
				52F896942385124000D87D9E /* Info.plist */,
			);
			path = PlayerViewUITests;
			sourceTree = "<group>";
		};
		52F8969D2385125D00D87D9E /* PlayerView */ = {
			isa = PBXGroup;
			children = (
				52F8969E2385136D00D87D9E /* PlayerView.swift */,
				523DAFE523B7668100D8186B /* State */,
				523DAFE423B7666600D8186B /* Confugutation */,
				526C9F0423A1CE2C007F10A3 /* Motion */,
				52B74E7323A100DE002CCAEE /* Controller */,
				52B74E7223A10058002CCAEE /* Loading */,
				52046AE423A0E9C2008B0B43 /* Cache */,
				5286A21E239797120028D898 /* PubSub */,
				52A797292386A7340043EB99 /* Animation */,
				52F896A2238513AA00D87D9E /* Layer */,
				52F896B423866B4400D87D9E /* Controls */,
				52F896AE238626E900D87D9E /* Reachability */,
				52F896A32385142300D87D9E /* Extension */,
				52046ADB23A0A023008B0B43 /* Localizable.strings */,
			);
			path = PlayerView;
			sourceTree = "<group>";
		};
		52F896A2238513AA00D87D9E /* Layer */ = {
			isa = PBXGroup;
			children = (
				52F896AA23852B3A00D87D9E /* ItemObserver.swift */,
				52F896AC2385403F00D87D9E /* PlayerLayerView.swift */,
			);
			path = Layer;
			sourceTree = "<group>";
		};
		52F896A32385142300D87D9E /* Extension */ = {
			isa = PBXGroup;
			children = (
				52B3571E23AA206400CE98EA /* Error + NSError.swift */,
				52F896A42385151300D87D9E /* UIView + Constraints.swift */,
				52F896A82385155200D87D9E /* UIView + XIB.swift */,
				52B3571C23AA0EC700CE98EA /* UIView + LayerAnimation.swift */,
				524AC46223B60233006A412E /* CALayer + Animation.swift */,
			);
			path = Extension;
			sourceTree = "<group>";
		};
		52F896AE238626E900D87D9E /* Reachability */ = {
			isa = PBXGroup;
			children = (
				52F896B12386273100D87D9E /* Reachability.swift */,
			);
			path = Reachability;
			sourceTree = "<group>";
		};
		52F896B423866B4400D87D9E /* Controls */ = {
			isa = PBXGroup;
			children = (
				52F896B523866B5A00D87D9E /* ControlsView.swift */,
				52F896B723866B8100D87D9E /* ControlsView.xib */,
			);
			path = Controls;
			sourceTree = "<group>";
		};
		D5F8228ECD9DBF2955D368F6 /* Pods */ = {
			isa = PBXGroup;
			children = (
				3971F510E861A880C845727C /* Pods-PlayerView.debug.xcconfig */,
				4587459A44D3AAD8D083C900 /* Pods-PlayerView.release.xcconfig */,
				82D445F28ACA80DE0BB9EBB4 /* Pods-PlayerViewUITests.debug.xcconfig */,
				6079C1F4CA9E581CF74FFBE6 /* Pods-PlayerViewUITests.release.xcconfig */,
			);
			path = Pods;
			sourceTree = "<group>";
		};
/* End PBXGroup section */

/* Begin PBXNativeTarget section */
		52F896772385123D00D87D9E /* PlayerView */ = {
			isa = PBXNativeTarget;
			buildConfigurationList = 52F896972385124000D87D9E /* Build configuration list for PBXNativeTarget "PlayerView" */;
			buildPhases = (
				9FF7B30BE9FD5AFF4B3A38A3 /* [CP] Check Pods Manifest.lock */,
				52F896742385123D00D87D9E /* Sources */,
				52F896752385123D00D87D9E /* Frameworks */,
				52F896762385123D00D87D9E /* Resources */,
			);
			buildRules = (
			);
			dependencies = (
			);
			name = PlayerView;
			productName = PlayerView;
			productReference = 52F896782385123D00D87D9E /* PlayerView.app */;
			productType = "com.apple.product-type.application";
		};
		52F8968D2385124000D87D9E /* PlayerViewUITests */ = {
			isa = PBXNativeTarget;
			buildConfigurationList = 52F8969A2385124000D87D9E /* Build configuration list for PBXNativeTarget "PlayerViewUITests" */;
			buildPhases = (
				811A94E7B77B0C725312872A /* [CP] Check Pods Manifest.lock */,
				52F8968A2385124000D87D9E /* Sources */,
				52F8968B2385124000D87D9E /* Frameworks */,
				52F8968C2385124000D87D9E /* Resources */,
			);
			buildRules = (
			);
			dependencies = (
				52F896902385124000D87D9E /* PBXTargetDependency */,
			);
			name = PlayerViewUITests;
			productName = PlayerViewUITests;
			productReference = 52F8968E2385124000D87D9E /* PlayerViewUITests.xctest */;
			productType = "com.apple.product-type.bundle.ui-testing";
		};
/* End PBXNativeTarget section */

/* Begin PBXProject section */
		52F896702385123D00D87D9E /* Project object */ = {
			isa = PBXProject;
			attributes = {
				LastSwiftUpdateCheck = 1110;
				LastUpgradeCheck = 1110;
				ORGANIZATIONNAME = BaQiWL;
				TargetAttributes = {
					52F896772385123D00D87D9E = {
						CreatedOnToolsVersion = 11.1;
					};
					52F8968D2385124000D87D9E = {
						CreatedOnToolsVersion = 11.1;
						TestTargetID = 52F896772385123D00D87D9E;
					};
				};
			};
			buildConfigurationList = 52F896732385123D00D87D9E /* Build configuration list for PBXProject "PlayerView" */;
			compatibilityVersion = "Xcode 9.3";
			developmentRegion = en;
			hasScannedForEncodings = 0;
			knownRegions = (
				en,
				Base,
				"zh-Hans",
			);
			mainGroup = 52F8966F2385123D00D87D9E;
			productRefGroup = 52F896792385123D00D87D9E /* Products */;
			projectDirPath = "";
			projectRoot = "";
			targets = (
				52F896772385123D00D87D9E /* PlayerView */,
				52F8968D2385124000D87D9E /* PlayerViewUITests */,
			);
		};
/* End PBXProject section */

/* Begin PBXResourcesBuildPhase section */
		52F896762385123D00D87D9E /* Resources */ = {
			isa = PBXResourcesBuildPhase;
			buildActionMask = 2147483647;
			files = (
				52F896882385124000D87D9E /* LaunchScreen.storyboard in Resources */,
				52046AD923A0A023008B0B43 /* Localizable.strings in Resources */,
				52F896B823866B8100D87D9E /* ControlsView.xib in Resources */,
				52138F5823A868290064785D /* WindowPlanViewController.xib in Resources */,
				52138F5423A867140064785D /* TextCell.xib in Resources */,
				2FCEBEAC239E2D72000FEDB6 /* HomeListCell.xib in Resources */,
				2FCEBEA0239E216B000FEDB6 /* movie.json in Resources */,
				52C5DAAB23B78E9C00D4D9D6 /* InteractivePlayerViewController.xib in Resources */,
				52C5DAB323B8647200D4D9D6 /* CollectionViewController.xib in Resources */,
				52978E4C23AFB2920043846B /* CustomViewController.xib in Resources */,
				52138F5C23A8683B0064785D /* PresentPlanViewController.xib in Resources */,
				52F896852385124000D87D9E /* Assets.xcassets in Resources */,
				2FE975A1239E61E800DF782D /* VideoDetailViewController.xib in Resources */,
				52046ADD23A0B116008B0B43 /* IndicatorView.xib in Resources */,
				52F896832385123D00D87D9E /* Main.storyboard in Resources */,
				52A797282386A4CB0043EB99 /* PlayerViewController.xib in Resources */,
				52C5DAB723B8657000D4D9D6 /* WaterFallCell.xib in Resources */,
			);
			runOnlyForDeploymentPostprocessing = 0;
		};
		52F8968C2385124000D87D9E /* Resources */ = {
			isa = PBXResourcesBuildPhase;
			buildActionMask = 2147483647;
			files = (
			);
			runOnlyForDeploymentPostprocessing = 0;
		};
/* End PBXResourcesBuildPhase section */

/* Begin PBXShellScriptBuildPhase section */
		811A94E7B77B0C725312872A /* [CP] Check Pods Manifest.lock */ = {
			isa = PBXShellScriptBuildPhase;
			buildActionMask = 2147483647;
			files = (
			);
			inputFileListPaths = (
			);
			inputPaths = (
				"${PODS_PODFILE_DIR_PATH}/Podfile.lock",
				"${PODS_ROOT}/Manifest.lock",
			);
			name = "[CP] Check Pods Manifest.lock";
			outputFileListPaths = (
			);
			outputPaths = (
				"$(DERIVED_FILE_DIR)/Pods-PlayerViewUITests-checkManifestLockResult.txt",
			);
			runOnlyForDeploymentPostprocessing = 0;
			shellPath = /bin/sh;
			shellScript = "diff \"${PODS_PODFILE_DIR_PATH}/Podfile.lock\" \"${PODS_ROOT}/Manifest.lock\" > /dev/null\nif [ $? != 0 ] ; then\n    # print error to STDERR\n    echo \"error: The sandbox is not in sync with the Podfile.lock. Run 'pod install' or update your CocoaPods installation.\" >&2\n    exit 1\nfi\n# This output is used by Xcode 'outputs' to avoid re-running this script phase.\necho \"SUCCESS\" > \"${SCRIPT_OUTPUT_FILE_0}\"\n";
			showEnvVarsInLog = 0;
		};
		9FF7B30BE9FD5AFF4B3A38A3 /* [CP] Check Pods Manifest.lock */ = {
			isa = PBXShellScriptBuildPhase;
			buildActionMask = 2147483647;
			files = (
			);
			inputFileListPaths = (
			);
			inputPaths = (
				"${PODS_PODFILE_DIR_PATH}/Podfile.lock",
				"${PODS_ROOT}/Manifest.lock",
			);
			name = "[CP] Check Pods Manifest.lock";
			outputFileListPaths = (
			);
			outputPaths = (
				"$(DERIVED_FILE_DIR)/Pods-PlayerView-checkManifestLockResult.txt",
			);
			runOnlyForDeploymentPostprocessing = 0;
			shellPath = /bin/sh;
			shellScript = "diff \"${PODS_PODFILE_DIR_PATH}/Podfile.lock\" \"${PODS_ROOT}/Manifest.lock\" > /dev/null\nif [ $? != 0 ] ; then\n    # print error to STDERR\n    echo \"error: The sandbox is not in sync with the Podfile.lock. Run 'pod install' or update your CocoaPods installation.\" >&2\n    exit 1\nfi\n# This output is used by Xcode 'outputs' to avoid re-running this script phase.\necho \"SUCCESS\" > \"${SCRIPT_OUTPUT_FILE_0}\"\n";
			showEnvVarsInLog = 0;
		};
/* End PBXShellScriptBuildPhase section */

/* Begin PBXSourcesBuildPhase section */
		52F896742385123D00D87D9E /* Sources */ = {
			isa = PBXSourcesBuildPhase;
			buildActionMask = 2147483647;
			files = (
				52C5DAB623B8657000D4D9D6 /* WaterFallCell.swift in Sources */,
				52D7421C239412F90068C08D /* PlayerState.swift in Sources */,
				2FCEBEAB239E2D72000FEDB6 /* HomeListCell.swift in Sources */,
				52046AE323A0DE63008B0B43 /* MemoryCache.swift in Sources */,
				524AC46323B60233006A412E /* CALayer + Animation.swift in Sources */,
				52138F4B23A792660064785D /* TransitionContext.swift in Sources */,
				526C9F0623A1CE4F007F10A3 /* MotionManager.swift in Sources */,
				52A7973C238E15B90043EB99 /* IndicatorLoading.swift in Sources */,
				2FCEBEA4239E21F5000FEDB6 /* RootViewControllerInitial.swift in Sources */,
				52F896AB23852B3A00D87D9E /* ItemObserver.swift in Sources */,
				529E2D1A239229E50026055D /* Publisher.swift in Sources */,
				52138F5323A867140064785D /* TextCell.swift in Sources */,
				52F896A92385155200D87D9E /* UIView + XIB.swift in Sources */,
				52F896802385123D00D87D9E /* ViewController.swift in Sources */,
				529E2D18239226BB0026055D /* Subscriber.swift in Sources */,
				52C5DAB923B867E600D4D9D6 /* WaterFallLayout.swift in Sources */,
				52C5DAAA23B78E9C00D4D9D6 /* InteractivePlayerViewController.swift in Sources */,
				52D7421E239550E70068C08D /* EventBus.swift in Sources */,
				52F8967C2385123D00D87D9E /* AppDelegate.swift in Sources */,
				52F8969F2385136D00D87D9E /* PlayerView.swift in Sources */,
				52B3571F23AA206400CE98EA /* Error + NSError.swift in Sources */,
				2FCEBEA3239E21F5000FEDB6 /* RootTabBarViewController.swift in Sources */,
				52F896B22386273100D87D9E /* Reachability.swift in Sources */,
				524AC45123AD2FE5006A412E /* PlayerConfiguration.swift in Sources */,
				52138F4D23A792660064785D /* Transition.swift in Sources */,
				52138F5723A868290064785D /* WindowPlanViewController.swift in Sources */,
				52F896AD2385403F00D87D9E /* PlayerLayerView.swift in Sources */,
				52978E4723AF9B270043846B /* InfiniteIndicator.swift in Sources */,
				52A7972D2386A7BA0043EB99 /* Animator.swift in Sources */,
				2FE975A0239E61E800DF782D /* VideoDetailViewController.swift in Sources */,
				520595822385938300BBEF77 /* IndicatorView.swift in Sources */,
				52C5DAB223B8647200D4D9D6 /* CollectionViewController.swift in Sources */,
				52978E4B23AFB2920043846B /* CustomViewController.swift in Sources */,
				52B3571D23AA0EC700CE98EA /* UIView + LayerAnimation.swift in Sources */,
				52138F5E23A869800064785D /* MovieDataSource.swift in Sources */,
				52F896B623866B5A00D87D9E /* ControlsView.swift in Sources */,
				52A797272386A4CB0043EB99 /* PlayerViewController.swift in Sources */,
				52138F5B23A8683B0064785D /* PresentPlanViewController.swift in Sources */,
				52F896A52385151300D87D9E /* UIView + Constraints.swift in Sources */,
			);
			runOnlyForDeploymentPostprocessing = 0;
		};
		52F8968A2385124000D87D9E /* Sources */ = {
			isa = PBXSourcesBuildPhase;
			buildActionMask = 2147483647;
			files = (
				52F896932385124000D87D9E /* PlayerViewUITests.swift in Sources */,
			);
			runOnlyForDeploymentPostprocessing = 0;
		};
/* End PBXSourcesBuildPhase section */

/* Begin PBXTargetDependency section */
		52F896902385124000D87D9E /* PBXTargetDependency */ = {
			isa = PBXTargetDependency;
			target = 52F896772385123D00D87D9E /* PlayerView */;
			targetProxy = 52F8968F2385124000D87D9E /* PBXContainerItemProxy */;
		};
/* End PBXTargetDependency section */

/* Begin PBXVariantGroup section */
		52046ADB23A0A023008B0B43 /* Localizable.strings */ = {
			isa = PBXVariantGroup;
			children = (
				52046ADA23A0A023008B0B43 /* en */,
				52046ADC23A0A027008B0B43 /* zh-Hans */,
			);
			name = Localizable.strings;
			sourceTree = "<group>";
		};
		52046ADF23A0B116008B0B43 /* IndicatorView.xib */ = {
			isa = PBXVariantGroup;
			children = (
				52046ADE23A0B116008B0B43 /* Base */,
				52046AE023A0B11F008B0B43 /* en */,
				52046AE123A0B121008B0B43 /* zh-Hans */,
			);
			name = IndicatorView.xib;
			sourceTree = "<group>";
		};
		52F896812385123D00D87D9E /* Main.storyboard */ = {
			isa = PBXVariantGroup;
			children = (
				52F896822385123D00D87D9E /* Base */,
				52046AD523A09F6D008B0B43 /* zh-Hans */,
			);
			name = Main.storyboard;
			sourceTree = "<group>";
		};
		52F896862385124000D87D9E /* LaunchScreen.storyboard */ = {
			isa = PBXVariantGroup;
			children = (
				52F896872385124000D87D9E /* Base */,
				52046AD623A09F6D008B0B43 /* zh-Hans */,
			);
			name = LaunchScreen.storyboard;
			sourceTree = "<group>";
		};
/* End PBXVariantGroup section */

/* Begin XCBuildConfiguration section */
		52F896952385124000D87D9E /* Debug */ = {
			isa = XCBuildConfiguration;
			buildSettings = {
				ALWAYS_SEARCH_USER_PATHS = NO;
				CLANG_ANALYZER_LOCALIZABILITY_NONLOCALIZED = YES;
				CLANG_ANALYZER_NONNULL = YES;
				CLANG_ANALYZER_NUMBER_OBJECT_CONVERSION = YES_AGGRESSIVE;
				CLANG_CXX_LANGUAGE_STANDARD = "gnu++14";
				CLANG_CXX_LIBRARY = "libc++";
				CLANG_ENABLE_MODULES = YES;
				CLANG_ENABLE_OBJC_ARC = YES;
				CLANG_ENABLE_OBJC_WEAK = YES;
				CLANG_WARN_BLOCK_CAPTURE_AUTORELEASING = YES;
				CLANG_WARN_BOOL_CONVERSION = YES;
				CLANG_WARN_COMMA = YES;
				CLANG_WARN_CONSTANT_CONVERSION = YES;
				CLANG_WARN_DEPRECATED_OBJC_IMPLEMENTATIONS = YES;
				CLANG_WARN_DIRECT_OBJC_ISA_USAGE = YES_ERROR;
				CLANG_WARN_DOCUMENTATION_COMMENTS = YES;
				CLANG_WARN_EMPTY_BODY = YES;
				CLANG_WARN_ENUM_CONVERSION = YES;
				CLANG_WARN_INFINITE_RECURSION = YES;
				CLANG_WARN_INT_CONVERSION = YES;
				CLANG_WARN_NON_LITERAL_NULL_CONVERSION = YES;
				CLANG_WARN_OBJC_IMPLICIT_RETAIN_SELF = YES;
				CLANG_WARN_OBJC_LITERAL_CONVERSION = YES;
				CLANG_WARN_OBJC_ROOT_CLASS = YES_ERROR;
				CLANG_WARN_RANGE_LOOP_ANALYSIS = YES;
				CLANG_WARN_STRICT_PROTOTYPES = YES;
				CLANG_WARN_SUSPICIOUS_MOVE = YES;
				CLANG_WARN_UNGUARDED_AVAILABILITY = YES_AGGRESSIVE;
				CLANG_WARN_UNREACHABLE_CODE = YES;
				CLANG_WARN__DUPLICATE_METHOD_MATCH = YES;
				COPY_PHASE_STRIP = NO;
				DEBUG_INFORMATION_FORMAT = dwarf;
				ENABLE_STRICT_OBJC_MSGSEND = YES;
				ENABLE_TESTABILITY = YES;
				GCC_C_LANGUAGE_STANDARD = gnu11;
				GCC_DYNAMIC_NO_PIC = NO;
				GCC_NO_COMMON_BLOCKS = YES;
				GCC_OPTIMIZATION_LEVEL = 0;
				GCC_PREPROCESSOR_DEFINITIONS = (
					"DEBUG=1",
					"$(inherited)",
				);
				GCC_WARN_64_TO_32_BIT_CONVERSION = YES;
				GCC_WARN_ABOUT_RETURN_TYPE = YES_ERROR;
				GCC_WARN_UNDECLARED_SELECTOR = YES;
				GCC_WARN_UNINITIALIZED_AUTOS = YES_AGGRESSIVE;
				GCC_WARN_UNUSED_FUNCTION = YES;
				GCC_WARN_UNUSED_VARIABLE = YES;
				IPHONEOS_DEPLOYMENT_TARGET = 13.1;
				MTL_ENABLE_DEBUG_INFO = INCLUDE_SOURCE;
				MTL_FAST_MATH = YES;
				ONLY_ACTIVE_ARCH = YES;
				SDKROOT = iphoneos;
				SWIFT_ACTIVE_COMPILATION_CONDITIONS = DEBUG;
				SWIFT_OPTIMIZATION_LEVEL = "-Onone";
			};
			name = Debug;
		};
		52F896962385124000D87D9E /* Release */ = {
			isa = XCBuildConfiguration;
			buildSettings = {
				ALWAYS_SEARCH_USER_PATHS = NO;
				CLANG_ANALYZER_LOCALIZABILITY_NONLOCALIZED = YES;
				CLANG_ANALYZER_NONNULL = YES;
				CLANG_ANALYZER_NUMBER_OBJECT_CONVERSION = YES_AGGRESSIVE;
				CLANG_CXX_LANGUAGE_STANDARD = "gnu++14";
				CLANG_CXX_LIBRARY = "libc++";
				CLANG_ENABLE_MODULES = YES;
				CLANG_ENABLE_OBJC_ARC = YES;
				CLANG_ENABLE_OBJC_WEAK = YES;
				CLANG_WARN_BLOCK_CAPTURE_AUTORELEASING = YES;
				CLANG_WARN_BOOL_CONVERSION = YES;
				CLANG_WARN_COMMA = YES;
				CLANG_WARN_CONSTANT_CONVERSION = YES;
				CLANG_WARN_DEPRECATED_OBJC_IMPLEMENTATIONS = YES;
				CLANG_WARN_DIRECT_OBJC_ISA_USAGE = YES_ERROR;
				CLANG_WARN_DOCUMENTATION_COMMENTS = YES;
				CLANG_WARN_EMPTY_BODY = YES;
				CLANG_WARN_ENUM_CONVERSION = YES;
				CLANG_WARN_INFINITE_RECURSION = YES;
				CLANG_WARN_INT_CONVERSION = YES;
				CLANG_WARN_NON_LITERAL_NULL_CONVERSION = YES;
				CLANG_WARN_OBJC_IMPLICIT_RETAIN_SELF = YES;
				CLANG_WARN_OBJC_LITERAL_CONVERSION = YES;
				CLANG_WARN_OBJC_ROOT_CLASS = YES_ERROR;
				CLANG_WARN_RANGE_LOOP_ANALYSIS = YES;
				CLANG_WARN_STRICT_PROTOTYPES = YES;
				CLANG_WARN_SUSPICIOUS_MOVE = YES;
				CLANG_WARN_UNGUARDED_AVAILABILITY = YES_AGGRESSIVE;
				CLANG_WARN_UNREACHABLE_CODE = YES;
				CLANG_WARN__DUPLICATE_METHOD_MATCH = YES;
				COPY_PHASE_STRIP = NO;
				DEBUG_INFORMATION_FORMAT = "dwarf-with-dsym";
				ENABLE_NS_ASSERTIONS = NO;
				ENABLE_STRICT_OBJC_MSGSEND = YES;
				GCC_C_LANGUAGE_STANDARD = gnu11;
				GCC_NO_COMMON_BLOCKS = YES;
				GCC_WARN_64_TO_32_BIT_CONVERSION = YES;
				GCC_WARN_ABOUT_RETURN_TYPE = YES_ERROR;
				GCC_WARN_UNDECLARED_SELECTOR = YES;
				GCC_WARN_UNINITIALIZED_AUTOS = YES_AGGRESSIVE;
				GCC_WARN_UNUSED_FUNCTION = YES;
				GCC_WARN_UNUSED_VARIABLE = YES;
				IPHONEOS_DEPLOYMENT_TARGET = 13.1;
				MTL_ENABLE_DEBUG_INFO = NO;
				MTL_FAST_MATH = YES;
				SDKROOT = iphoneos;
				SWIFT_COMPILATION_MODE = wholemodule;
				SWIFT_OPTIMIZATION_LEVEL = "-O";
				VALIDATE_PRODUCT = YES;
			};
			name = Release;
		};
		52F896982385124000D87D9E /* Debug */ = {
			isa = XCBuildConfiguration;
			baseConfigurationReference = 3971F510E861A880C845727C /* Pods-PlayerView.debug.xcconfig */;
			buildSettings = {
				ASSETCATALOG_COMPILER_APPICON_NAME = AppIcon;
				CODE_SIGN_STYLE = Automatic;
				DEVELOPMENT_TEAM = 7ZZ2BN3Q48;
				INFOPLIST_FILE = PlayerView/Info.plist;
				IPHONEOS_DEPLOYMENT_TARGET = 10.0;
				LD_RUNPATH_SEARCH_PATHS = (
					"$(inherited)",
					"@executable_path/Frameworks",
				);
				PRODUCT_BUNDLE_IDENTIFIER = com.YZY.PlayerView;
				PRODUCT_NAME = "$(TARGET_NAME)";
				SWIFT_VERSION = 5.0;
				TARGETED_DEVICE_FAMILY = "1,2";
			};
			name = Debug;
		};
		52F896992385124000D87D9E /* Release */ = {
			isa = XCBuildConfiguration;
			baseConfigurationReference = 4587459A44D3AAD8D083C900 /* Pods-PlayerView.release.xcconfig */;
			buildSettings = {
				ASSETCATALOG_COMPILER_APPICON_NAME = AppIcon;
				CODE_SIGN_STYLE = Automatic;
				DEVELOPMENT_TEAM = 7ZZ2BN3Q48;
				INFOPLIST_FILE = PlayerView/Info.plist;
				IPHONEOS_DEPLOYMENT_TARGET = 10.0;
				LD_RUNPATH_SEARCH_PATHS = (
					"$(inherited)",
					"@executable_path/Frameworks",
				);
				PRODUCT_BUNDLE_IDENTIFIER = com.YZY.PlayerView;
				PRODUCT_NAME = "$(TARGET_NAME)";
				SWIFT_VERSION = 5.0;
				TARGETED_DEVICE_FAMILY = "1,2";
			};
			name = Release;
		};
		52F8969B2385124000D87D9E /* Debug */ = {
			isa = XCBuildConfiguration;
			baseConfigurationReference = 82D445F28ACA80DE0BB9EBB4 /* Pods-PlayerViewUITests.debug.xcconfig */;
			buildSettings = {
				ALWAYS_EMBED_SWIFT_STANDARD_LIBRARIES = YES;
				CODE_SIGN_STYLE = Automatic;
				INFOPLIST_FILE = PlayerViewUITests/Info.plist;
				LD_RUNPATH_SEARCH_PATHS = (
					"$(inherited)",
					"@executable_path/Frameworks",
					"@loader_path/Frameworks",
				);
				PRODUCT_BUNDLE_IDENTIFIER = com.YZY.PlayerViewUITests;
				PRODUCT_NAME = "$(TARGET_NAME)";
				SWIFT_VERSION = 5.0;
				TARGETED_DEVICE_FAMILY = "1,2";
				TEST_TARGET_NAME = PlayerView;
			};
			name = Debug;
		};
		52F8969C2385124000D87D9E /* Release */ = {
			isa = XCBuildConfiguration;
			baseConfigurationReference = 6079C1F4CA9E581CF74FFBE6 /* Pods-PlayerViewUITests.release.xcconfig */;
			buildSettings = {
				ALWAYS_EMBED_SWIFT_STANDARD_LIBRARIES = YES;
				CODE_SIGN_STYLE = Automatic;
				INFOPLIST_FILE = PlayerViewUITests/Info.plist;
				LD_RUNPATH_SEARCH_PATHS = (
					"$(inherited)",
					"@executable_path/Frameworks",
					"@loader_path/Frameworks",
				);
				PRODUCT_BUNDLE_IDENTIFIER = com.YZY.PlayerViewUITests;
				PRODUCT_NAME = "$(TARGET_NAME)";
				SWIFT_VERSION = 5.0;
				TARGETED_DEVICE_FAMILY = "1,2";
				TEST_TARGET_NAME = PlayerView;
			};
			name = Release;
		};
/* End XCBuildConfiguration section */

/* Begin XCConfigurationList section */
		52F896732385123D00D87D9E /* Build configuration list for PBXProject "PlayerView" */ = {
			isa = XCConfigurationList;
			buildConfigurations = (
				52F896952385124000D87D9E /* Debug */,
				52F896962385124000D87D9E /* Release */,
			);
			defaultConfigurationIsVisible = 0;
			defaultConfigurationName = Release;
		};
		52F896972385124000D87D9E /* Build configuration list for PBXNativeTarget "PlayerView" */ = {
			isa = XCConfigurationList;
			buildConfigurations = (
				52F896982385124000D87D9E /* Debug */,
				52F896992385124000D87D9E /* Release */,
			);
			defaultConfigurationIsVisible = 0;
			defaultConfigurationName = Release;
		};
		52F8969A2385124000D87D9E /* Build configuration list for PBXNativeTarget "PlayerViewUITests" */ = {
			isa = XCConfigurationList;
			buildConfigurations = (
				52F8969B2385124000D87D9E /* Debug */,
				52F8969C2385124000D87D9E /* Release */,
			);
			defaultConfigurationIsVisible = 0;
			defaultConfigurationName = Release;
		};
/* End XCConfigurationList section */
	};
	rootObject = 52F896702385123D00D87D9E /* Project object */;
}
