// !$*UTF8*$!
{
	archiveVersion = 1;
	classes = {
	};
	objectVersion = 50;
	objects = {

/* Begin PBXBuildFile section */
		520595822385938300BBEF77 /* IndicatorView.swift in Sources */ = {isa = PBXBuildFile; fileRef = 520595812385938300BBEF77 /* IndicatorView.swift */; };
		520595842385939500BBEF77 /* IndicatorView.xib in Resources */ = {isa = PBXBuildFile; fileRef = 520595832385939500BBEF77 /* IndicatorView.xib */; };
		5292111A2388256800DF1101 /* VideoCell.swift in Sources */ = {isa = PBXBuildFile; fileRef = 529211182388256800DF1101 /* VideoCell.swift */; };
		5292111B2388256800DF1101 /* VideoCell.xib in Resources */ = {isa = PBXBuildFile; fileRef = 529211192388256800DF1101 /* VideoCell.xib */; };
		529E2D18239226BB0026055D /* Subscriber.swift in Sources */ = {isa = PBXBuildFile; fileRef = 529E2D17239226BB0026055D /* Subscriber.swift */; };
		529E2D1A239229E50026055D /* Publisher.swift in Sources */ = {isa = PBXBuildFile; fileRef = 529E2D19239229E50026055D /* Publisher.swift */; };
		52A797272386A4CB0043EB99 /* PlayerViewController.swift in Sources */ = {isa = PBXBuildFile; fileRef = 52A797252386A4CB0043EB99 /* PlayerViewController.swift */; };
		52A797282386A4CB0043EB99 /* PlayerViewController.xib in Resources */ = {isa = PBXBuildFile; fileRef = 52A797262386A4CB0043EB99 /* PlayerViewController.xib */; };
		52A7972D2386A7BA0043EB99 /* Animator.swift in Sources */ = {isa = PBXBuildFile; fileRef = 52A7972C2386A7BA0043EB99 /* Animator.swift */; };
		52A7973123878A640043EB99 /* UIView + FullAnimation.swift in Sources */ = {isa = PBXBuildFile; fileRef = 52A7973023878A640043EB99 /* UIView + FullAnimation.swift */; };
		52A7973C238E15B90043EB99 /* IndicatorLoading.swift in Sources */ = {isa = PBXBuildFile; fileRef = 52A7973B238E15B90043EB99 /* IndicatorLoading.swift */; };
		52D7421C239412F90068C08D /* PlayerState.swift in Sources */ = {isa = PBXBuildFile; fileRef = 52D7421B239412F90068C08D /* PlayerState.swift */; };
		52D7421E239550E70068C08D /* EventBus.swift in Sources */ = {isa = PBXBuildFile; fileRef = 52D7421D239550E70068C08D /* EventBus.swift */; };
		52F8967C2385123D00D87D9E /* AppDelegate.swift in Sources */ = {isa = PBXBuildFile; fileRef = 52F8967B2385123D00D87D9E /* AppDelegate.swift */; };
		52F896802385123D00D87D9E /* ViewController.swift in Sources */ = {isa = PBXBuildFile; fileRef = 52F8967F2385123D00D87D9E /* ViewController.swift */; };
		52F896832385123D00D87D9E /* Main.storyboard in Resources */ = {isa = PBXBuildFile; fileRef = 52F896812385123D00D87D9E /* Main.storyboard */; };
		52F896852385124000D87D9E /* Assets.xcassets in Resources */ = {isa = PBXBuildFile; fileRef = 52F896842385124000D87D9E /* Assets.xcassets */; };
		52F896882385124000D87D9E /* LaunchScreen.storyboard in Resources */ = {isa = PBXBuildFile; fileRef = 52F896862385124000D87D9E /* LaunchScreen.storyboard */; };
		52F896932385124000D87D9E /* PlayerViewUITests.swift in Sources */ = {isa = PBXBuildFile; fileRef = 52F896922385124000D87D9E /* PlayerViewUITests.swift */; };
		52F8969F2385136D00D87D9E /* PlayerView.swift in Sources */ = {isa = PBXBuildFile; fileRef = 52F8969E2385136D00D87D9E /* PlayerView.swift */; };
		52F896A52385151300D87D9E /* UIView + Constraints.swift in Sources */ = {isa = PBXBuildFile; fileRef = 52F896A42385151300D87D9E /* UIView + Constraints.swift */; };
		52F896A92385155200D87D9E /* UIView + XIB.swift in Sources */ = {isa = PBXBuildFile; fileRef = 52F896A82385155200D87D9E /* UIView + XIB.swift */; };
		52F896AB23852B3A00D87D9E /* ItemObserver.swift in Sources */ = {isa = PBXBuildFile; fileRef = 52F896AA23852B3A00D87D9E /* ItemObserver.swift */; };
		52F896AD2385403F00D87D9E /* PlayerLayerView.swift in Sources */ = {isa = PBXBuildFile; fileRef = 52F896AC2385403F00D87D9E /* PlayerLayerView.swift */; };
		52F896B22386273100D87D9E /* Reachability.swift in Sources */ = {isa = PBXBuildFile; fileRef = 52F896B12386273100D87D9E /* Reachability.swift */; };
		52F896B623866B5A00D87D9E /* ControlsView.swift in Sources */ = {isa = PBXBuildFile; fileRef = 52F896B523866B5A00D87D9E /* ControlsView.swift */; };
		52F896B823866B8100D87D9E /* ControlsView.xib in Resources */ = {isa = PBXBuildFile; fileRef = 52F896B723866B8100D87D9E /* ControlsView.xib */; };
/* End PBXBuildFile section */

/* Begin PBXContainerItemProxy section */
		52F8968F2385124000D87D9E /* PBXContainerItemProxy */ = {
			isa = PBXContainerItemProxy;
			containerPortal = 52F896702385123D00D87D9E /* Project object */;
			proxyType = 1;
			remoteGlobalIDString = 52F896772385123D00D87D9E;
			remoteInfo = PlayerView;
		};
/* End PBXContainerItemProxy section */

/* Begin PBXFileReference section */
		520595812385938300BBEF77 /* IndicatorView.swift */ = {isa = PBXFileReference; lastKnownFileType = sourcecode.swift; path = IndicatorView.swift; sourceTree = "<group>"; };
		520595832385939500BBEF77 /* IndicatorView.xib */ = {isa = PBXFileReference; lastKnownFileType = file.xib; path = IndicatorView.xib; sourceTree = "<group>"; };
		529211182388256800DF1101 /* VideoCell.swift */ = {isa = PBXFileReference; lastKnownFileType = sourcecode.swift; path = VideoCell.swift; sourceTree = "<group>"; };
		529211192388256800DF1101 /* VideoCell.xib */ = {isa = PBXFileReference; lastKnownFileType = file.xib; path = VideoCell.xib; sourceTree = "<group>"; };
		529E2D17239226BB0026055D /* Subscriber.swift */ = {isa = PBXFileReference; lastKnownFileType = sourcecode.swift; path = Subscriber.swift; sourceTree = "<group>"; };
		529E2D19239229E50026055D /* Publisher.swift */ = {isa = PBXFileReference; lastKnownFileType = sourcecode.swift; path = Publisher.swift; sourceTree = "<group>"; };
		52A797252386A4CB0043EB99 /* PlayerViewController.swift */ = {isa = PBXFileReference; lastKnownFileType = sourcecode.swift; path = PlayerViewController.swift; sourceTree = "<group>"; };
		52A797262386A4CB0043EB99 /* PlayerViewController.xib */ = {isa = PBXFileReference; lastKnownFileType = file.xib; path = PlayerViewController.xib; sourceTree = "<group>"; };
		52A7972C2386A7BA0043EB99 /* Animator.swift */ = {isa = PBXFileReference; lastKnownFileType = sourcecode.swift; path = Animator.swift; sourceTree = "<group>"; };
		52A7973023878A640043EB99 /* UIView + FullAnimation.swift */ = {isa = PBXFileReference; lastKnownFileType = sourcecode.swift; path = "UIView + FullAnimation.swift"; sourceTree = "<group>"; };
		52A7973B238E15B90043EB99 /* IndicatorLoading.swift */ = {isa = PBXFileReference; lastKnownFileType = sourcecode.swift; path = IndicatorLoading.swift; sourceTree = "<group>"; };
		52D7421B239412F90068C08D /* PlayerState.swift */ = {isa = PBXFileReference; lastKnownFileType = sourcecode.swift; path = PlayerState.swift; sourceTree = "<group>"; };
		52D7421D239550E70068C08D /* EventBus.swift */ = {isa = PBXFileReference; lastKnownFileType = sourcecode.swift; path = EventBus.swift; sourceTree = "<group>"; };
		52F896782385123D00D87D9E /* PlayerView.app */ = {isa = PBXFileReference; explicitFileType = wrapper.application; includeInIndex = 0; path = PlayerView.app; sourceTree = BUILT_PRODUCTS_DIR; };
		52F8967B2385123D00D87D9E /* AppDelegate.swift */ = {isa = PBXFileReference; lastKnownFileType = sourcecode.swift; path = AppDelegate.swift; sourceTree = "<group>"; };
		52F8967F2385123D00D87D9E /* ViewController.swift */ = {isa = PBXFileReference; lastKnownFileType = sourcecode.swift; path = ViewController.swift; sourceTree = "<group>"; };
		52F896822385123D00D87D9E /* Base */ = {isa = PBXFileReference; lastKnownFileType = file.storyboard; name = Base; path = Base.lproj/Main.storyboard; sourceTree = "<group>"; };
		52F896842385124000D87D9E /* Assets.xcassets */ = {isa = PBXFileReference; lastKnownFileType = folder.assetcatalog; path = Assets.xcassets; sourceTree = "<group>"; };
		52F896872385124000D87D9E /* Base */ = {isa = PBXFileReference; lastKnownFileType = file.storyboard; name = Base; path = Base.lproj/LaunchScreen.storyboard; sourceTree = "<group>"; };
		52F896892385124000D87D9E /* Info.plist */ = {isa = PBXFileReference; lastKnownFileType = text.plist.xml; path = Info.plist; sourceTree = "<group>"; };
		52F8968E2385124000D87D9E /* PlayerViewUITests.xctest */ = {isa = PBXFileReference; explicitFileType = wrapper.cfbundle; includeInIndex = 0; path = PlayerViewUITests.xctest; sourceTree = BUILT_PRODUCTS_DIR; };
		52F896922385124000D87D9E /* PlayerViewUITests.swift */ = {isa = PBXFileReference; lastKnownFileType = sourcecode.swift; path = PlayerViewUITests.swift; sourceTree = "<group>"; };
		52F896942385124000D87D9E /* Info.plist */ = {isa = PBXFileReference; lastKnownFileType = text.plist.xml; path = Info.plist; sourceTree = "<group>"; };
		52F8969E2385136D00D87D9E /* PlayerView.swift */ = {isa = PBXFileReference; lastKnownFileType = sourcecode.swift; path = PlayerView.swift; sourceTree = "<group>"; };
		52F896A42385151300D87D9E /* UIView + Constraints.swift */ = {isa = PBXFileReference; lastKnownFileType = sourcecode.swift; path = "UIView + Constraints.swift"; sourceTree = "<group>"; };
		52F896A82385155200D87D9E /* UIView + XIB.swift */ = {isa = PBXFileReference; lastKnownFileType = sourcecode.swift; path = "UIView + XIB.swift"; sourceTree = "<group>"; };
		52F896AA23852B3A00D87D9E /* ItemObserver.swift */ = {isa = PBXFileReference; lastKnownFileType = sourcecode.swift; path = ItemObserver.swift; sourceTree = "<group>"; };
		52F896AC2385403F00D87D9E /* PlayerLayerView.swift */ = {isa = PBXFileReference; lastKnownFileType = sourcecode.swift; path = PlayerLayerView.swift; sourceTree = "<group>"; };
		52F896B12386273100D87D9E /* Reachability.swift */ = {isa = PBXFileReference; lastKnownFileType = sourcecode.swift; path = Reachability.swift; sourceTree = "<group>"; };
		52F896B523866B5A00D87D9E /* ControlsView.swift */ = {isa = PBXFileReference; lastKnownFileType = sourcecode.swift; path = ControlsView.swift; sourceTree = "<group>"; };
		52F896B723866B8100D87D9E /* ControlsView.xib */ = {isa = PBXFileReference; lastKnownFileType = file.xib; path = ControlsView.xib; sourceTree = "<group>"; };
/* End PBXFileReference section */

/* Begin PBXFrameworksBuildPhase section */
		52F896752385123D00D87D9E /* Frameworks */ = {
			isa = PBXFrameworksBuildPhase;
			buildActionMask = 2147483647;
			files = (
			);
			runOnlyForDeploymentPostprocessing = 0;
		};
		52F8968B2385124000D87D9E /* Frameworks */ = {
			isa = PBXFrameworksBuildPhase;
			buildActionMask = 2147483647;
			files = (
			);
			runOnlyForDeploymentPostprocessing = 0;
		};
/* End PBXFrameworksBuildPhase section */

/* Begin PBXGroup section */
		520595802385937000BBEF77 /* Indicator */ = {
			isa = PBXGroup;
			children = (
				520595812385938300BBEF77 /* IndicatorView.swift */,
				520595832385939500BBEF77 /* IndicatorView.xib */,
				52A7973B238E15B90043EB99 /* IndicatorLoading.swift */,
			);
			path = Indicator;
			sourceTree = "<group>";
		};
		5286A21E239797120028D898 /* PubSub */ = {
			isa = PBXGroup;
			children = (
				529E2D17239226BB0026055D /* Subscriber.swift */,
				529E2D19239229E50026055D /* Publisher.swift */,
				52D7421D239550E70068C08D /* EventBus.swift */,
			);
			path = PubSub;
			sourceTree = "<group>";
		};
		52A797292386A7340043EB99 /* Animation */ = {
			isa = PBXGroup;
			children = (
				52A797252386A4CB0043EB99 /* PlayerViewController.swift */,
				52A797262386A4CB0043EB99 /* PlayerViewController.xib */,
				52A7972C2386A7BA0043EB99 /* Animator.swift */,
			);
			path = Animation;
			sourceTree = "<group>";
		};
		52F8966F2385123D00D87D9E = {
			isa = PBXGroup;
			children = (
				52F8967A2385123D00D87D9E /* PlayerView */,
				52F896912385124000D87D9E /* PlayerViewUITests */,
				52F896792385123D00D87D9E /* Products */,
			);
			sourceTree = "<group>";
		};
		52F896792385123D00D87D9E /* Products */ = {
			isa = PBXGroup;
			children = (
				52F896782385123D00D87D9E /* PlayerView.app */,
				52F8968E2385124000D87D9E /* PlayerViewUITests.xctest */,
			);
			name = Products;
			sourceTree = "<group>";
		};
		52F8967A2385123D00D87D9E /* PlayerView */ = {
			isa = PBXGroup;
			children = (
				52F8967B2385123D00D87D9E /* AppDelegate.swift */,
				52F8967F2385123D00D87D9E /* ViewController.swift */,
				529211182388256800DF1101 /* VideoCell.swift */,
				529211192388256800DF1101 /* VideoCell.xib */,
				52F8969D2385125D00D87D9E /* PlayerView */,
				52F896812385123D00D87D9E /* Main.storyboard */,
				52F896842385124000D87D9E /* Assets.xcassets */,
				52F896862385124000D87D9E /* LaunchScreen.storyboard */,
				52F896892385124000D87D9E /* Info.plist */,
			);
			path = PlayerView;
			sourceTree = "<group>";
		};
		52F896912385124000D87D9E /* PlayerViewUITests */ = {
			isa = PBXGroup;
			children = (
				52F896922385124000D87D9E /* PlayerViewUITests.swift */,
				52F896942385124000D87D9E /* Info.plist */,
			);
			path = PlayerViewUITests;
			sourceTree = "<group>";
		};
		52F8969D2385125D00D87D9E /* PlayerView */ = {
			isa = PBXGroup;
			children = (
				52F8969E2385136D00D87D9E /* PlayerView.swift */,
				52D7421B239412F90068C08D /* PlayerState.swift */,
				5286A21E239797120028D898 /* PubSub */,
				52A797292386A7340043EB99 /* Animation */,
				52F896A2238513AA00D87D9E /* Layer */,
				52F896B423866B4400D87D9E /* Controls */,
				52F896AE238626E900D87D9E /* Reachability */,
				520595802385937000BBEF77 /* Indicator */,
				52F896A32385142300D87D9E /* Extension */,
			);
			path = PlayerView;
			sourceTree = "<group>";
		};
		52F896A2238513AA00D87D9E /* Layer */ = {
			isa = PBXGroup;
			children = (
				52F896AA23852B3A00D87D9E /* ItemObserver.swift */,
				52F896AC2385403F00D87D9E /* PlayerLayerView.swift */,
			);
			path = Layer;
			sourceTree = "<group>";
		};
		52F896A32385142300D87D9E /* Extension */ = {
			isa = PBXGroup;
			children = (
				52F896A42385151300D87D9E /* UIView + Constraints.swift */,
				52F896A82385155200D87D9E /* UIView + XIB.swift */,
				52A7973023878A640043EB99 /* UIView + FullAnimation.swift */,
			);
			path = Extension;
			sourceTree = "<group>";
		};
		52F896AE238626E900D87D9E /* Reachability */ = {
			isa = PBXGroup;
			children = (
				52F896B12386273100D87D9E /* Reachability.swift */,
			);
			path = Reachability;
			sourceTree = "<group>";
		};
		52F896B423866B4400D87D9E /* Controls */ = {
			isa = PBXGroup;
			children = (
				52F896B523866B5A00D87D9E /* ControlsView.swift */,
				52F896B723866B8100D87D9E /* ControlsView.xib */,
			);
			path = Controls;
			sourceTree = "<group>";
		};
/* End PBXGroup section */

/* Begin PBXNativeTarget section */
		52F896772385123D00D87D9E /* PlayerView */ = {
			isa = PBXNativeTarget;
			buildConfigurationList = 52F896972385124000D87D9E /* Build configuration list for PBXNativeTarget "PlayerView" */;
			buildPhases = (
				52F896742385123D00D87D9E /* Sources */,
				52F896752385123D00D87D9E /* Frameworks */,
				52F896762385123D00D87D9E /* Resources */,
			);
			buildRules = (
			);
			dependencies = (
			);
			name = PlayerView;
			productName = PlayerView;
			productReference = 52F896782385123D00D87D9E /* PlayerView.app */;
			productType = "com.apple.product-type.application";
		};
		52F8968D2385124000D87D9E /* PlayerViewUITests */ = {
			isa = PBXNativeTarget;
			buildConfigurationList = 52F8969A2385124000D87D9E /* Build configuration list for PBXNativeTarget "PlayerViewUITests" */;
			buildPhases = (
				52F8968A2385124000D87D9E /* Sources */,
				52F8968B2385124000D87D9E /* Frameworks */,
				52F8968C2385124000D87D9E /* Resources */,
			);
			buildRules = (
			);
			dependencies = (
				52F896902385124000D87D9E /* PBXTargetDependency */,
			);
			name = PlayerViewUITests;
			productName = PlayerViewUITests;
			productReference = 52F8968E2385124000D87D9E /* PlayerViewUITests.xctest */;
			productType = "com.apple.product-type.bundle.ui-testing";
		};
/* End PBXNativeTarget section */

/* Begin PBXProject section */
		52F896702385123D00D87D9E /* Project object */ = {
			isa = PBXProject;
			attributes = {
				LastSwiftUpdateCheck = 1110;
				LastUpgradeCheck = 1110;
				ORGANIZATIONNAME = BaQiWL;
				TargetAttributes = {
					52F896772385123D00D87D9E = {
						CreatedOnToolsVersion = 11.1;
					};
					52F8968D2385124000D87D9E = {
						CreatedOnToolsVersion = 11.1;
						TestTargetID = 52F896772385123D00D87D9E;
					};
				};
			};
			buildConfigurationList = 52F896732385123D00D87D9E /* Build configuration list for PBXProject "PlayerView" */;
			compatibilityVersion = "Xcode 9.3";
			developmentRegion = en;
			hasScannedForEncodings = 0;
			knownRegions = (
				en,
				Base,
			);
			mainGroup = 52F8966F2385123D00D87D9E;
			productRefGroup = 52F896792385123D00D87D9E /* Products */;
			projectDirPath = "";
			projectRoot = "";
			targets = (
				52F896772385123D00D87D9E /* PlayerView */,
				52F8968D2385124000D87D9E /* PlayerViewUITests */,
			);
		};
/* End PBXProject section */

/* Begin PBXResourcesBuildPhase section */
		52F896762385123D00D87D9E /* Resources */ = {
			isa = PBXResourcesBuildPhase;
			buildActionMask = 2147483647;
			files = (
				52F896882385124000D87D9E /* LaunchScreen.storyboard in Resources */,
				52F896B823866B8100D87D9E /* ControlsView.xib in Resources */,
				5292111B2388256800DF1101 /* VideoCell.xib in Resources */,
				52F896852385124000D87D9E /* Assets.xcassets in Resources */,
				520595842385939500BBEF77 /* IndicatorView.xib in Resources */,
				52F896832385123D00D87D9E /* Main.storyboard in Resources */,
				52A797282386A4CB0043EB99 /* PlayerViewController.xib in Resources */,
			);
			runOnlyForDeploymentPostprocessing = 0;
		};
		52F8968C2385124000D87D9E /* Resources */ = {
			isa = PBXResourcesBuildPhase;
			buildActionMask = 2147483647;
			files = (
			);
			runOnlyForDeploymentPostprocessing = 0;
		};
/* End PBXResourcesBuildPhase section */

/* Begin PBXSourcesBuildPhase section */
		52F896742385123D00D87D9E /* Sources */ = {
			isa = PBXSourcesBuildPhase;
			buildActionMask = 2147483647;
			files = (
				52D7421C239412F90068C08D /* PlayerState.swift in Sources */,
				5292111A2388256800DF1101 /* VideoCell.swift in Sources */,
				52A7973C238E15B90043EB99 /* IndicatorLoading.swift in Sources */,
				52F896AB23852B3A00D87D9E /* ItemObserver.swift in Sources */,
				529E2D1A239229E50026055D /* Publisher.swift in Sources */,
				52F896A92385155200D87D9E /* UIView + XIB.swift in Sources */,
				52F896802385123D00D87D9E /* ViewController.swift in Sources */,
				529E2D18239226BB0026055D /* Subscriber.swift in Sources */,
				52A7973123878A640043EB99 /* UIView + FullAnimation.swift in Sources */,
				52D7421E239550E70068C08D /* EventBus.swift in Sources */,
				52F8967C2385123D00D87D9E /* AppDelegate.swift in Sources */,
				52F8969F2385136D00D87D9E /* PlayerView.swift in Sources */,
				52F896B22386273100D87D9E /* Reachability.swift in Sources */,
				52F896AD2385403F00D87D9E /* PlayerLayerView.swift in Sources */,
				52A7972D2386A7BA0043EB99 /* Animator.swift in Sources */,
				520595822385938300BBEF77 /* IndicatorView.swift in Sources */,
				52F896B623866B5A00D87D9E /* ControlsView.swift in Sources */,
				52A797272386A4CB0043EB99 /* PlayerViewController.swift in Sources */,
				52F896A52385151300D87D9E /* UIView + Constraints.swift in Sources */,
			);
			runOnlyForDeploymentPostprocessing = 0;
		};
		52F8968A2385124000D87D9E /* Sources */ = {
			isa = PBXSourcesBuildPhase;
			buildActionMask = 2147483647;
			files = (
				52F896932385124000D87D9E /* PlayerViewUITests.swift in Sources */,
			);
			runOnlyForDeploymentPostprocessing = 0;
		};
/* End PBXSourcesBuildPhase section */

/* Begin PBXTargetDependency section */
		52F896902385124000D87D9E /* PBXTargetDependency */ = {
			isa = PBXTargetDependency;
			target = 52F896772385123D00D87D9E /* PlayerView */;
			targetProxy = 52F8968F2385124000D87D9E /* PBXContainerItemProxy */;
		};
/* End PBXTargetDependency section */

/* Begin PBXVariantGroup section */
		52F896812385123D00D87D9E /* Main.storyboard */ = {
			isa = PBXVariantGroup;
			children = (
				52F896822385123D00D87D9E /* Base */,
			);
			name = Main.storyboard;
			sourceTree = "<group>";
		};
		52F896862385124000D87D9E /* LaunchScreen.storyboard */ = {
			isa = PBXVariantGroup;
			children = (
				52F896872385124000D87D9E /* Base */,
			);
			name = LaunchScreen.storyboard;
			sourceTree = "<group>";
		};
/* End PBXVariantGroup section */

/* Begin XCBuildConfiguration section */
		52F896952385124000D87D9E /* Debug */ = {
			isa = XCBuildConfiguration;
			buildSettings = {
				ALWAYS_SEARCH_USER_PATHS = NO;
				CLANG_ANALYZER_NONNULL = YES;
				CLANG_ANALYZER_NUMBER_OBJECT_CONVERSION = YES_AGGRESSIVE;
				CLANG_CXX_LANGUAGE_STANDARD = "gnu++14";
				CLANG_CXX_LIBRARY = "libc++";
				CLANG_ENABLE_MODULES = YES;
				CLANG_ENABLE_OBJC_ARC = YES;
				CLANG_ENABLE_OBJC_WEAK = YES;
				CLANG_WARN_BLOCK_CAPTURE_AUTORELEASING = YES;
				CLANG_WARN_BOOL_CONVERSION = YES;
				CLANG_WARN_COMMA = YES;
				CLANG_WARN_CONSTANT_CONVERSION = YES;
				CLANG_WARN_DEPRECATED_OBJC_IMPLEMENTATIONS = YES;
				CLANG_WARN_DIRECT_OBJC_ISA_USAGE = YES_ERROR;
				CLANG_WARN_DOCUMENTATION_COMMENTS = YES;
				CLANG_WARN_EMPTY_BODY = YES;
				CLANG_WARN_ENUM_CONVERSION = YES;
				CLANG_WARN_INFINITE_RECURSION = YES;
				CLANG_WARN_INT_CONVERSION = YES;
				CLANG_WARN_NON_LITERAL_NULL_CONVERSION = YES;
				CLANG_WARN_OBJC_IMPLICIT_RETAIN_SELF = YES;
				CLANG_WARN_OBJC_LITERAL_CONVERSION = YES;
				CLANG_WARN_OBJC_ROOT_CLASS = YES_ERROR;
				CLANG_WARN_RANGE_LOOP_ANALYSIS = YES;
				CLANG_WARN_STRICT_PROTOTYPES = YES;
				CLANG_WARN_SUSPICIOUS_MOVE = YES;
				CLANG_WARN_UNGUARDED_AVAILABILITY = YES_AGGRESSIVE;
				CLANG_WARN_UNREACHABLE_CODE = YES;
				CLANG_WARN__DUPLICATE_METHOD_MATCH = YES;
				COPY_PHASE_STRIP = NO;
				DEBUG_INFORMATION_FORMAT = dwarf;
				ENABLE_STRICT_OBJC_MSGSEND = YES;
				ENABLE_TESTABILITY = YES;
				GCC_C_LANGUAGE_STANDARD = gnu11;
				GCC_DYNAMIC_NO_PIC = NO;
				GCC_NO_COMMON_BLOCKS = YES;
				GCC_OPTIMIZATION_LEVEL = 0;
				GCC_PREPROCESSOR_DEFINITIONS = (
					"DEBUG=1",
					"$(inherited)",
				);
				GCC_WARN_64_TO_32_BIT_CONVERSION = YES;
				GCC_WARN_ABOUT_RETURN_TYPE = YES_ERROR;
				GCC_WARN_UNDECLARED_SELECTOR = YES;
				GCC_WARN_UNINITIALIZED_AUTOS = YES_AGGRESSIVE;
				GCC_WARN_UNUSED_FUNCTION = YES;
				GCC_WARN_UNUSED_VARIABLE = YES;
				IPHONEOS_DEPLOYMENT_TARGET = 13.1;
				MTL_ENABLE_DEBUG_INFO = INCLUDE_SOURCE;
				MTL_FAST_MATH = YES;
				ONLY_ACTIVE_ARCH = YES;
				SDKROOT = iphoneos;
				SWIFT_ACTIVE_COMPILATION_CONDITIONS = DEBUG;
				SWIFT_OPTIMIZATION_LEVEL = "-Onone";
			};
			name = Debug;
		};
		52F896962385124000D87D9E /* Release */ = {
			isa = XCBuildConfiguration;
			buildSettings = {
				ALWAYS_SEARCH_USER_PATHS = NO;
				CLANG_ANALYZER_NONNULL = YES;
				CLANG_ANALYZER_NUMBER_OBJECT_CONVERSION = YES_AGGRESSIVE;
				CLANG_CXX_LANGUAGE_STANDARD = "gnu++14";
				CLANG_CXX_LIBRARY = "libc++";
				CLANG_ENABLE_MODULES = YES;
				CLANG_ENABLE_OBJC_ARC = YES;
				CLANG_ENABLE_OBJC_WEAK = YES;
				CLANG_WARN_BLOCK_CAPTURE_AUTORELEASING = YES;
				CLANG_WARN_BOOL_CONVERSION = YES;
				CLANG_WARN_COMMA = YES;
				CLANG_WARN_CONSTANT_CONVERSION = YES;
				CLANG_WARN_DEPRECATED_OBJC_IMPLEMENTATIONS = YES;
				CLANG_WARN_DIRECT_OBJC_ISA_USAGE = YES_ERROR;
				CLANG_WARN_DOCUMENTATION_COMMENTS = YES;
				CLANG_WARN_EMPTY_BODY = YES;
				CLANG_WARN_ENUM_CONVERSION = YES;
				CLANG_WARN_INFINITE_RECURSION = YES;
				CLANG_WARN_INT_CONVERSION = YES;
				CLANG_WARN_NON_LITERAL_NULL_CONVERSION = YES;
				CLANG_WARN_OBJC_IMPLICIT_RETAIN_SELF = YES;
				CLANG_WARN_OBJC_LITERAL_CONVERSION = YES;
				CLANG_WARN_OBJC_ROOT_CLASS = YES_ERROR;
				CLANG_WARN_RANGE_LOOP_ANALYSIS = YES;
				CLANG_WARN_STRICT_PROTOTYPES = YES;
				CLANG_WARN_SUSPICIOUS_MOVE = YES;
				CLANG_WARN_UNGUARDED_AVAILABILITY = YES_AGGRESSIVE;
				CLANG_WARN_UNREACHABLE_CODE = YES;
				CLANG_WARN__DUPLICATE_METHOD_MATCH = YES;
				COPY_PHASE_STRIP = NO;
				DEBUG_INFORMATION_FORMAT = "dwarf-with-dsym";
				ENABLE_NS_ASSERTIONS = NO;
				ENABLE_STRICT_OBJC_MSGSEND = YES;
				GCC_C_LANGUAGE_STANDARD = gnu11;
				GCC_NO_COMMON_BLOCKS = YES;
				GCC_WARN_64_TO_32_BIT_CONVERSION = YES;
				GCC_WARN_ABOUT_RETURN_TYPE = YES_ERROR;
				GCC_WARN_UNDECLARED_SELECTOR = YES;
				GCC_WARN_UNINITIALIZED_AUTOS = YES_AGGRESSIVE;
				GCC_WARN_UNUSED_FUNCTION = YES;
				GCC_WARN_UNUSED_VARIABLE = YES;
				IPHONEOS_DEPLOYMENT_TARGET = 13.1;
				MTL_ENABLE_DEBUG_INFO = NO;
				MTL_FAST_MATH = YES;
				SDKROOT = iphoneos;
				SWIFT_COMPILATION_MODE = wholemodule;
				SWIFT_OPTIMIZATION_LEVEL = "-O";
				VALIDATE_PRODUCT = YES;
			};
			name = Release;
		};
		52F896982385124000D87D9E /* Debug */ = {
			isa = XCBuildConfiguration;
			buildSettings = {
				ASSETCATALOG_COMPILER_APPICON_NAME = AppIcon;
				CODE_SIGN_STYLE = Automatic;
				DEVELOPMENT_TEAM = 7ZZ2BN3Q48;
				INFOPLIST_FILE = PlayerView/Info.plist;
				IPHONEOS_DEPLOYMENT_TARGET = 10.0;
				LD_RUNPATH_SEARCH_PATHS = (
					"$(inherited)",
					"@executable_path/Frameworks",
				);
				PRODUCT_BUNDLE_IDENTIFIER = com.YZY.PlayerView;
				PRODUCT_NAME = "$(TARGET_NAME)";
				SWIFT_VERSION = 5.0;
				TARGETED_DEVICE_FAMILY = "1,2";
			};
			name = Debug;
		};
		52F896992385124000D87D9E /* Release */ = {
			isa = XCBuildConfiguration;
			buildSettings = {
				ASSETCATALOG_COMPILER_APPICON_NAME = AppIcon;
				CODE_SIGN_STYLE = Automatic;
				DEVELOPMENT_TEAM = 7ZZ2BN3Q48;
				INFOPLIST_FILE = PlayerView/Info.plist;
				IPHONEOS_DEPLOYMENT_TARGET = 10.0;
				LD_RUNPATH_SEARCH_PATHS = (
					"$(inherited)",
					"@executable_path/Frameworks",
				);
				PRODUCT_BUNDLE_IDENTIFIER = com.YZY.PlayerView;
				PRODUCT_NAME = "$(TARGET_NAME)";
				SWIFT_VERSION = 5.0;
				TARGETED_DEVICE_FAMILY = "1,2";
			};
			name = Release;
		};
		52F8969B2385124000D87D9E /* Debug */ = {
			isa = XCBuildConfiguration;
			buildSettings = {
				ALWAYS_EMBED_SWIFT_STANDARD_LIBRARIES = YES;
				CODE_SIGN_STYLE = Automatic;
				INFOPLIST_FILE = PlayerViewUITests/Info.plist;
				LD_RUNPATH_SEARCH_PATHS = (
					"$(inherited)",
					"@executable_path/Frameworks",
					"@loader_path/Frameworks",
				);
				PRODUCT_BUNDLE_IDENTIFIER = com.YZY.PlayerViewUITests;
				PRODUCT_NAME = "$(TARGET_NAME)";
				SWIFT_VERSION = 5.0;
				TARGETED_DEVICE_FAMILY = "1,2";
				TEST_TARGET_NAME = PlayerView;
			};
			name = Debug;
		};
		52F8969C2385124000D87D9E /* Release */ = {
			isa = XCBuildConfiguration;
			buildSettings = {
				ALWAYS_EMBED_SWIFT_STANDARD_LIBRARIES = YES;
				CODE_SIGN_STYLE = Automatic;
				INFOPLIST_FILE = PlayerViewUITests/Info.plist;
				LD_RUNPATH_SEARCH_PATHS = (
					"$(inherited)",
					"@executable_path/Frameworks",
					"@loader_path/Frameworks",
				);
				PRODUCT_BUNDLE_IDENTIFIER = com.YZY.PlayerViewUITests;
				PRODUCT_NAME = "$(TARGET_NAME)";
				SWIFT_VERSION = 5.0;
				TARGETED_DEVICE_FAMILY = "1,2";
				TEST_TARGET_NAME = PlayerView;
			};
			name = Release;
		};
/* End XCBuildConfiguration section */

/* Begin XCConfigurationList section */
		52F896732385123D00D87D9E /* Build configuration list for PBXProject "PlayerView" */ = {
			isa = XCConfigurationList;
			buildConfigurations = (
				52F896952385124000D87D9E /* Debug */,
				52F896962385124000D87D9E /* Release */,
			);
			defaultConfigurationIsVisible = 0;
			defaultConfigurationName = Release;
		};
		52F896972385124000D87D9E /* Build configuration list for PBXNativeTarget "PlayerView" */ = {
			isa = XCConfigurationList;
			buildConfigurations = (
				52F896982385124000D87D9E /* Debug */,
				52F896992385124000D87D9E /* Release */,
			);
			defaultConfigurationIsVisible = 0;
			defaultConfigurationName = Release;
		};
		52F8969A2385124000D87D9E /* Build configuration list for PBXNativeTarget "PlayerViewUITests" */ = {
			isa = XCConfigurationList;
			buildConfigurations = (
				52F8969B2385124000D87D9E /* Debug */,
				52F8969C2385124000D87D9E /* Release */,
			);
			defaultConfigurationIsVisible = 0;
			defaultConfigurationName = Release;
		};
/* End XCConfigurationList section */
	};
	rootObject = 52F896702385123D00D87D9E /* Project object */;
}
